
Microsoft Visual Studio Solution File, Format Version 12.00
# Visual Studio Version 17
VisualStudioVersion = 17.7.34018.315
MinimumVisualStudioVersion = 10.0.40219.1
Project("{9A19103F-16F7-4668-BE54-9A1E7A4F7556}") = "EvangelionERPV2.Web", "EvangelionERPV2.Web\EvangelionERPV2.Web.csproj", "{727D7D4F-9D9E-450B-9AAD-6F7A1148892B}"
EndProject
Project("{2150E333-8FDC-42A3-9474-1A3956D46DE8}") = "Order", "Order", "{846C27EB-1D4E-4E2A-BD19-5AC4B8B8832D}"
EndProject
Project("{2150E333-8FDC-42A3-9474-1A3956D46DE8}") = "Bills", "Bills", "{1E2F47BB-490D-435C-B7D8-FBF80EDDE31B}"
EndProject
Project("{2150E333-8FDC-42A3-9474-1A3956D46DE8}") = "NFe", "NFe", "{0A851117-A558-4236-BCB6-E5228C8F267B}"
EndProject
Project("{2150E333-8FDC-42A3-9474-1A3956D46DE8}") = "Product", "Product", "{7F0274DB-CE08-427F-8A62-E5B23C0FD676}"
EndProject
Project("{2150E333-8FDC-42A3-9474-1A3956D46DE8}") = "Customer", "Customer", "{A2A6D69B-5598-47AB-9273-877273611BF9}"
EndProject
Project("{2150E333-8FDC-42A3-9474-1A3956D46DE8}") = "Enterprise", "Enterprise", "{92FC4E11-F60D-4696-ABEB-768CE76A77E2}"
EndProject
Project("{2150E333-8FDC-42A3-9474-1A3956D46DE8}") = "Email", "Email", "{78E456E1-2255-4948-BA85-5ED3BDB01890}"
EndProject
Project("{2150E333-8FDC-42A3-9474-1A3956D46DE8}") = "User", "User", "{FB0A9A48-735D-4F93-A026-9305AB1C054F}"
EndProject
Project("{2150E333-8FDC-42A3-9474-1A3956D46DE8}") = "API", "API", "{310841C1-DC80-45B9-A8E6-0CDA4857AFAF}"
EndProject
Project("{2150E333-8FDC-42A3-9474-1A3956D46DE8}") = "Modules", "Modules", "{5621412C-6E15-4A46-B8FB-FC23D2688027}"
EndProject
Project("{2150E333-8FDC-42A3-9474-1A3956D46DE8}") = "OpportunityRadar", "OpportunityRadar", "{3CB6E6AB-5208-41A0-9C7C-1EA57DC7B2FD}"
EndProject
Project("{2150E333-8FDC-42A3-9474-1A3956D46DE8}") = "Shared", "Shared", "{455850B9-9058-4A94-B497-1B66076167F1}"
EndProject
Project("{FAE04EC0-301F-11D3-BF4B-00C04F79EFBC}") = "EvangelionERPV2.CustomerModule.Application", "EvangelionERPV2.Customer.Application\EvangelionERPV2.CustomerModule.Application.csproj", "{CA7208C2-54E0-4254-B10A-70385539B1A4}"
EndProject
Project("{FAE04EC0-301F-11D3-BF4B-00C04F79EFBC}") = "EvangelionERPV2.CustomerModule.Domain", "EvangelionERPV2.Customer.Domain\EvangelionERPV2.CustomerModule.Domain.csproj", "{F7E77D57-B7AA-4D8B-9177-7AAB1CFACA77}"
EndProject
Project("{FAE04EC0-301F-11D3-BF4B-00C04F79EFBC}") = "EvangelionERPV2.CustomerModule.Infra", "EvangelionERPV2.Customer.Infra\EvangelionERPV2.CustomerModule.Infra.csproj", "{52863043-2504-4E6D-97CA-6A8BC5D85A5E}"
EndProject
Project("{FAE04EC0-301F-11D3-BF4B-00C04F79EFBC}") = "EvangelionERPV2.EmailModule.Application", "EvangelionERPV2.Email.Application\EvangelionERPV2.EmailModule.Application.csproj", "{A1773623-B28B-4861-8166-731DF4F7B11F}"
EndProject
Project("{FAE04EC0-301F-11D3-BF4B-00C04F79EFBC}") = "EvangelionERPV2.EmailModule.Domain", "EvangelionERPV2.Email.Domain\EvangelionERPV2.EmailModule.Domain.csproj", "{7027609E-E236-4018-B176-9D5CF4D30E47}"
EndProject
Project("{FAE04EC0-301F-11D3-BF4B-00C04F79EFBC}") = "EvangelionERPV2.EmailModule.Infra", "EvangelionERPV2.Email.Infra\EvangelionERPV2.EmailModule.Infra.csproj", "{7F609D7B-A9E9-4A07-8418-7E6254EE6BD4}"
EndProject
Project("{FAE04EC0-301F-11D3-BF4B-00C04F79EFBC}") = "EvangelionERPV2.EnterpriseModule.Application", "EvangelionERPV2.Enterprise.Application\EvangelionERPV2.EnterpriseModule.Application.csproj", "{529725BE-D6DD-4859-A6E1-4ECFBFF6BCDF}"
EndProject
Project("{FAE04EC0-301F-11D3-BF4B-00C04F79EFBC}") = "EvangelionERPV2.EnterpriseModule.Domain", "EvangelionERPV2.Enterprise.Domain\EvangelionERPV2.EnterpriseModule.Domain.csproj", "{EED9F2D8-EE5D-42B2-9A19-CE40BA4A86BE}"
EndProject
Project("{FAE04EC0-301F-11D3-BF4B-00C04F79EFBC}") = "EvangelionERPV2.EnterpriseModule.Infra", "EvangelionERPV2.Enterprise.Infra\EvangelionERPV2.EnterpriseModule.Infra.csproj", "{A30B304C-6B52-49B6-B8E5-019C40E30749}"
EndProject
Project("{FAE04EC0-301F-11D3-BF4B-00C04F79EFBC}") = "EvangelionERPV2.OrderModule.Application", "EvangelionERPV2.Order.Application\EvangelionERPV2.OrderModule.Application.csproj", "{C8FECE4A-5D44-45B5-AC98-1CB9073F861A}"
EndProject
Project("{FAE04EC0-301F-11D3-BF4B-00C04F79EFBC}") = "EvangelionERPV2.OrderModule.Domain", "EvangelionERPV2.Order.Domain\EvangelionERPV2.OrderModule.Domain.csproj", "{BEC1A2C2-3D25-435A-A30D-932922EB173E}"
EndProject
Project("{FAE04EC0-301F-11D3-BF4B-00C04F79EFBC}") = "EvangelionERPV2.OrderModule.Infra", "EvangelionERPV2.Order.Infra\EvangelionERPV2.OrderModule.Infra.csproj", "{0B07F5F1-B30C-4E76-A3B9-CF0F212B9C4E}"
EndProject
Project("{FAE04EC0-301F-11D3-BF4B-00C04F79EFBC}") = "EvangelionERPV2.BillsModule.Application", "EvangelionERPV2.Bills.Application\EvangelionERPV2.BillsModule.Application.csproj", "{1C4955CC-30D7-4B68-BE13-7D9248EF291B}"
EndProject
Project("{FAE04EC0-301F-11D3-BF4B-00C04F79EFBC}") = "EvangelionERPV2.BillsModule.Domain", "EvangelionERPV2.Bills.Domain\EvangelionERPV2.BillsModule.Domain.csproj", "{E8731A2C-917D-4ADA-B200-6C71B4ABE4F3}"
EndProject
Project("{FAE04EC0-301F-11D3-BF4B-00C04F79EFBC}") = "EvangelionERPV2.BillsModule.Infra", "EvangelionERPV2.Bills.Infra\EvangelionERPV2.BillsModule.Infra.csproj", "{60A62CA0-F651-471E-A9A1-58966C2A82F1}"
EndProject
Project("{FAE04EC0-301F-11D3-BF4B-00C04F79EFBC}") = "EvangelionERPV2.NFeModule.Application", "EvangelionERPV2.NFe.Application\EvangelionERPV2.NFeModule.Application.csproj", "{F7C02352-B1F9-4AC5-B42B-CB59B784645D}"
EndProject
Project("{FAE04EC0-301F-11D3-BF4B-00C04F79EFBC}") = "EvangelionERPV2.NFeModule.Domain", "EvangelionERPV2.NFe.Domain\EvangelionERPV2.NFeModule.Domain.csproj", "{F02657C3-98AB-4448-A01A-41B3A6069DC7}"
EndProject
Project("{FAE04EC0-301F-11D3-BF4B-00C04F79EFBC}") = "EvangelionERPV2.NFeModule.Infra", "EvangelionERPV2.NFe.Infra\EvangelionERPV2.NFeModule.Infra.csproj", "{1BF15BEA-E18F-47CA-94C1-9FCA3F21A02B}"
EndProject
Project("{FAE04EC0-301F-11D3-BF4B-00C04F79EFBC}") = "EvangelionERPV2.ProductModule.Application", "EvangelionERPV2.Product.Application\EvangelionERPV2.ProductModule.Application.csproj", "{6F63A86B-A14D-47F9-B96A-0E9F75BBF533}"
EndProject
Project("{FAE04EC0-301F-11D3-BF4B-00C04F79EFBC}") = "EvangelionERPV2.ProductModule.Domain", "EvangelionERPV2.Product.Domain\EvangelionERPV2.ProductModule.Domain.csproj", "{F85A9192-34EE-462C-8981-F95206D10032}"
EndProject
Project("{FAE04EC0-301F-11D3-BF4B-00C04F79EFBC}") = "EvangelionERPV2.ProductModule.Infra", "EvangelionERPV2.Product.Infra\EvangelionERPV2.ProductModule.Infra.csproj", "{7EAC4CC1-C7BD-47D1-AAF3-4C2D7F3CC389}"
EndProject
Project("{FAE04EC0-301F-11D3-BF4B-00C04F79EFBC}") = "EvangelionERPV2.UserModule.Application", "EvangelionERPV2.User.Application\EvangelionERPV2.UserModule.Application.csproj", "{E79D5022-4B13-4C17-A35A-AA0928B7BD1B}"
EndProject
Project("{FAE04EC0-301F-11D3-BF4B-00C04F79EFBC}") = "EvangelionERPV2.UserModule.Domain", "EvangelionERPV2.User.Domain\EvangelionERPV2.UserModule.Domain.csproj", "{8135DD08-9439-42E9-8684-D6E07D0DA780}"
EndProject
Project("{FAE04EC0-301F-11D3-BF4B-00C04F79EFBC}") = "EvangelionERPV2.UserModule.Infra", "EvangelionERPV2.User.Infra\EvangelionERPV2.UserModule.Infra.csproj", "{5B4C414D-A696-4FC3-8FEC-F02B88C6666E}"
EndProject
Project("{FAE04EC0-301F-11D3-BF4B-00C04F79EFBC}") = "EvangelionERPV2.Shared", "EvangelionERPV2.Shared\EvangelionERPV2.Shared.csproj", "{0A0AB3ED-5CAA-4439-98B9-0BDCA817325D}"
EndProject
Project("{2150E333-8FDC-42A3-9474-1A3956D46DE8}") = "BackgroundServices", "BackgroundServices", "{7AEB62EB-B3A6-49CA-A3F8-F3A9401802ED}"
EndProject
Project("{FAE04EC0-301F-11D3-BF4B-00C04F79EFBC}") = "EvangelionERPV2.Worker.Email", "EvangelionERPV2.Worker.Email\EvangelionERPV2.Worker.Email.csproj", "{FAF2DBCA-F323-42CA-800A-C961EB5F54BF}"
EndProject
Project("{FAE04EC0-301F-11D3-BF4B-00C04F79EFBC}") = "EvangelionERPV2.Worker.Order", "EvangelionERPV2.Worker.Order\EvangelionERPV2.Worker.Order.csproj", "{BCCE8C4B-A448-4E6D-84C3-83C2534B4DB7}"
EndProject
Project("{FAE04EC0-301F-11D3-BF4B-00C04F79EFBC}") = "EvangelionERPV2.OrderModule.Test", "EvangelionERPV2.OrderModule.Test\EvangelionERPV2.OrderModule.Test.csproj", "{AD7434DA-5047-4867-B1AE-3FC9AD3EB758}"
EndProject
Project("{FAE04EC0-301F-11D3-BF4B-00C04F79EFBC}") = "EvangelionERPV2.CustomerModule.Test", "EvangelionERPV2.CustomerModule.Test\EvangelionERPV2.CustomerModule.Test.csproj", "{4E3F8B79-0816-46E1-8378-3000E75F69C6}"
EndProject
Project("{2150E333-8FDC-42A3-9474-1A3956D46DE8}") = "EvangelionERPV2.Customer.Application", "EvangelionERPV2.Customer.Application", "{3A4D6F1B-21DB-0610-7A4E-ED80629633B8}"
EndProject
Project("{FAE04EC0-301F-11D3-BF4B-00C04F79EFBC}") = "EvangelionERPV2.ProductModule.Test", "EvangelionERPV2.ProductModule.Test\EvangelionERPV2.ProductModule.Test.csproj", "{03A7313C-F938-44B6-8ECE-E181C3B7C2B3}"
EndProject
Project("{2150E333-8FDC-42A3-9474-1A3956D46DE8}") = "EvangelionERPV2.Product.Application", "EvangelionERPV2.Product.Application", "{43FCEF34-4050-9EF8-4FA4-6085A45AFCFB}"
EndProject
Project("{FAE04EC0-301F-11D3-BF4B-00C04F79EFBC}") = "EvangelionERPV2.BillsModule.Test", "EvangelionERPV2.BillsModule.Test\EvangelionERPV2.BillsModule.Test.csproj", "{BD534DDB-B7EA-4067-8DF7-CB51F61A14A5}"
EndProject
Project("{2150E333-8FDC-42A3-9474-1A3956D46DE8}") = "EvangelionERPV2.Bills.Application", "EvangelionERPV2.Bills.Application", "{8024504A-398F-AF6D-262F-541EFD3C090E}"
EndProject
Project("{2150E333-8FDC-42A3-9474-1A3956D46DE8}") = "Audit", "Audit", "{C23FDB02-DD26-0922-AE5B-233834B2105D}"
EndProject
Project("{FAE04EC0-301F-11D3-BF4B-00C04F79EFBC}") = "EvangelionERPV2.AuditModule.Infra", "EvangelionERPV2.Audit.Infra\EvangelionERPV2.AuditModule.Infra.csproj", "{C054BAEC-4CE1-4419-8EB0-9EC6C8D32835}"
EndProject
Project("{FAE04EC0-301F-11D3-BF4B-00C04F79EFBC}") = "EvangelionERPV2.AuditModule.Domain", "EvangelionERPV2.Audit.Domain\EvangelionERPV2.AuditModule.Domain.csproj", "{D780309F-8DC4-40CA-822D-C5589989291F}"
EndProject
Project("{FAE04EC0-301F-11D3-BF4B-00C04F79EFBC}") = "EvangelionERPV2.AuditModule.Application", "EvangelionERPV2.Audit.Application\EvangelionERPV2.AuditModule.Application.csproj", "{81E64164-B15A-4222-A146-71C58A4CA7EE}"
EndProject
Project("{FAE04EC0-301F-11D3-BF4B-00C04F79EFBC}") = "EvangelionERPV2.OpportunityRadarModule.Application", "EvangelionERPV2.OpportunityRadar.Application\EvangelionERPV2.OpportunityRadarModule.Application.csproj", "{1C241FD5-2BAD-4B36-BB04-9BFFE612AE86}"
EndProject
Project("{FAE04EC0-301F-11D3-BF4B-00C04F79EFBC}") = "EvangelionERPV2.OpportunityRadarModule.Domain", "EvangelionERPV2.OpportunityRadar.Domain\EvangelionERPV2.OpportunityRadarModule.Domain.csproj", "{142354A9-4B91-47D6-835A-5733EB601148}"
EndProject
Project("{FAE04EC0-301F-11D3-BF4B-00C04F79EFBC}") = "EvangelionERPV2.OpportunityRadarModule.Infra", "EvangelionERPV2.OpportunityRadar.Infra\EvangelionERPV2.OpportunityRadarModule.Infra.csproj", "{BF9CDC3E-7179-4DD5-94E1-F2AF30A0E81B}"
EndProject
Project("{FAE04EC0-301F-11D3-BF4B-00C04F79EFBC}") = "EvangelionERPV2.OpportunityRadarModule.Test", "EvangelionERPV2.OpportunityRadarModule.Test\EvangelionERPV2.OpportunityRadarModule.Test.csproj", "{2268C734-4F7E-4694-93AC-98457E91E109}"
EndProject
Project("{FAE04EC0-301F-11D3-BF4B-00C04F79EFBC}") = "EvangelionERPV2.UserModule.Test", "EvangelionERPV2.UserModule.Test\EvangelionERPV2.UserModule.Test.csproj", "{9153D7AC-D60C-4BE8-854F-EA180FD9F614}"
EndProject
Project("{2150E333-8FDC-42A3-9474-1A3956D46DE8}") = "EvangelionERPV2.User.Application", "EvangelionERPV2.User.Application", "{2DCBBE1A-6499-D031-A065-07DE85042776}"
EndProject
Project("{2150E333-8FDC-42A3-9474-1A3956D46DE8}") = "Reports", "Reports", "{760EE49A-74D3-276F-FB8E-2CE3A7DA23FA}"
EndProject
Project("{FAE04EC0-301F-11D3-BF4B-00C04F79EFBC}") = "EvangelionERPV2.ReportsModule.Application", "EvangelionERPV2.Reports.Application\EvangelionERPV2.ReportsModule.Application.csproj", "{02A0F289-3DFD-4127-9D8F-B6E076802CC3}"
EndProject
Project("{FAE04EC0-301F-11D3-BF4B-00C04F79EFBC}") = "EvangelionERPV2.ReportsModule.Domain", "EvangelionERPV2.Reports.Domain\EvangelionERPV2.ReportsModule.Domain.csproj", "{07ECF29A-18AB-4116-B1F8-618617E23D8A}"
EndProject
Project("{FAE04EC0-301F-11D3-BF4B-00C04F79EFBC}") = "EvangelionERPV2.ReportsModule.Infra", "EvangelionERPV2.Reports.Infra\EvangelionERPV2.ReportsModule.Infra.csproj", "{AC82C542-8F46-49B1-AA9F-5825BA040681}"
EndProject
Project("{FAE04EC0-301F-11D3-BF4B-00C04F79EFBC}") = "EvangelionERPV2.ReportsModule.Test", "EvangelionERPV2.ReportsModule.Test\EvangelionERPV2.ReportsModule.Test.csproj", "{6FA1B4DE-8668-41EB-A032-189686D0F0CD}"
EndProject
Global
	GlobalSection(SolutionConfigurationPlatforms) = preSolution
		Debug|Any CPU = Debug|Any CPU
		Debug|x64 = Debug|x64
		Debug|x86 = Debug|x86
		Release|Any CPU = Release|Any CPU
		Release|x64 = Release|x64
		Release|x86 = Release|x86
	EndGlobalSection
	GlobalSection(ProjectConfigurationPlatforms) = postSolution
		{727D7D4F-9D9E-450B-9AAD-6F7A1148892B}.Debug|Any CPU.ActiveCfg = Debug|Any CPU
		{727D7D4F-9D9E-450B-9AAD-6F7A1148892B}.Debug|Any CPU.Build.0 = Debug|Any CPU
		{727D7D4F-9D9E-450B-9AAD-6F7A1148892B}.Debug|x64.ActiveCfg = Debug|Any CPU
		{727D7D4F-9D9E-450B-9AAD-6F7A1148892B}.Debug|x64.Build.0 = Debug|Any CPU
		{727D7D4F-9D9E-450B-9AAD-6F7A1148892B}.Debug|x86.ActiveCfg = Debug|Any CPU
		{727D7D4F-9D9E-450B-9AAD-6F7A1148892B}.Debug|x86.Build.0 = Debug|Any CPU
		{727D7D4F-9D9E-450B-9AAD-6F7A1148892B}.Release|Any CPU.ActiveCfg = Release|Any CPU
		{727D7D4F-9D9E-450B-9AAD-6F7A1148892B}.Release|Any CPU.Build.0 = Release|Any CPU
		{727D7D4F-9D9E-450B-9AAD-6F7A1148892B}.Release|x64.ActiveCfg = Release|Any CPU
		{727D7D4F-9D9E-450B-9AAD-6F7A1148892B}.Release|x64.Build.0 = Release|Any CPU
		{727D7D4F-9D9E-450B-9AAD-6F7A1148892B}.Release|x86.ActiveCfg = Release|Any CPU
		{727D7D4F-9D9E-450B-9AAD-6F7A1148892B}.Release|x86.Build.0 = Release|Any CPU
		{CA7208C2-54E0-4254-B10A-70385539B1A4}.Debug|Any CPU.ActiveCfg = Debug|Any CPU
		{CA7208C2-54E0-4254-B10A-70385539B1A4}.Debug|Any CPU.Build.0 = Debug|Any CPU
		{CA7208C2-54E0-4254-B10A-70385539B1A4}.Debug|x64.ActiveCfg = Debug|Any CPU
		{CA7208C2-54E0-4254-B10A-70385539B1A4}.Debug|x64.Build.0 = Debug|Any CPU
		{CA7208C2-54E0-4254-B10A-70385539B1A4}.Debug|x86.ActiveCfg = Debug|Any CPU
		{CA7208C2-54E0-4254-B10A-70385539B1A4}.Debug|x86.Build.0 = Debug|Any CPU
		{CA7208C2-54E0-4254-B10A-70385539B1A4}.Release|Any CPU.ActiveCfg = Release|Any CPU
		{CA7208C2-54E0-4254-B10A-70385539B1A4}.Release|Any CPU.Build.0 = Release|Any CPU
		{CA7208C2-54E0-4254-B10A-70385539B1A4}.Release|x64.ActiveCfg = Release|Any CPU
		{CA7208C2-54E0-4254-B10A-70385539B1A4}.Release|x64.Build.0 = Release|Any CPU
		{CA7208C2-54E0-4254-B10A-70385539B1A4}.Release|x86.ActiveCfg = Release|Any CPU
		{CA7208C2-54E0-4254-B10A-70385539B1A4}.Release|x86.Build.0 = Release|Any CPU
		{F7E77D57-B7AA-4D8B-9177-7AAB1CFACA77}.Debug|Any CPU.ActiveCfg = Debug|Any CPU
		{F7E77D57-B7AA-4D8B-9177-7AAB1CFACA77}.Debug|Any CPU.Build.0 = Debug|Any CPU
		{F7E77D57-B7AA-4D8B-9177-7AAB1CFACA77}.Debug|x64.ActiveCfg = Debug|Any CPU
		{F7E77D57-B7AA-4D8B-9177-7AAB1CFACA77}.Debug|x64.Build.0 = Debug|Any CPU
		{F7E77D57-B7AA-4D8B-9177-7AAB1CFACA77}.Debug|x86.ActiveCfg = Debug|Any CPU
		{F7E77D57-B7AA-4D8B-9177-7AAB1CFACA77}.Debug|x86.Build.0 = Debug|Any CPU
		{F7E77D57-B7AA-4D8B-9177-7AAB1CFACA77}.Release|Any CPU.ActiveCfg = Release|Any CPU
		{F7E77D57-B7AA-4D8B-9177-7AAB1CFACA77}.Release|Any CPU.Build.0 = Release|Any CPU
		{F7E77D57-B7AA-4D8B-9177-7AAB1CFACA77}.Release|x64.ActiveCfg = Release|Any CPU
		{F7E77D57-B7AA-4D8B-9177-7AAB1CFACA77}.Release|x64.Build.0 = Release|Any CPU
		{F7E77D57-B7AA-4D8B-9177-7AAB1CFACA77}.Release|x86.ActiveCfg = Release|Any CPU
		{F7E77D57-B7AA-4D8B-9177-7AAB1CFACA77}.Release|x86.Build.0 = Release|Any CPU
		{52863043-2504-4E6D-97CA-6A8BC5D85A5E}.Debug|Any CPU.ActiveCfg = Debug|Any CPU
		{52863043-2504-4E6D-97CA-6A8BC5D85A5E}.Debug|Any CPU.Build.0 = Debug|Any CPU
		{52863043-2504-4E6D-97CA-6A8BC5D85A5E}.Debug|x64.ActiveCfg = Debug|Any CPU
		{52863043-2504-4E6D-97CA-6A8BC5D85A5E}.Debug|x64.Build.0 = Debug|Any CPU
		{52863043-2504-4E6D-97CA-6A8BC5D85A5E}.Debug|x86.ActiveCfg = Debug|Any CPU
		{52863043-2504-4E6D-97CA-6A8BC5D85A5E}.Debug|x86.Build.0 = Debug|Any CPU
		{52863043-2504-4E6D-97CA-6A8BC5D85A5E}.Release|Any CPU.ActiveCfg = Release|Any CPU
		{52863043-2504-4E6D-97CA-6A8BC5D85A5E}.Release|Any CPU.Build.0 = Release|Any CPU
		{52863043-2504-4E6D-97CA-6A8BC5D85A5E}.Release|x64.ActiveCfg = Release|Any CPU
		{52863043-2504-4E6D-97CA-6A8BC5D85A5E}.Release|x64.Build.0 = Release|Any CPU
		{52863043-2504-4E6D-97CA-6A8BC5D85A5E}.Release|x86.ActiveCfg = Release|Any CPU
		{52863043-2504-4E6D-97CA-6A8BC5D85A5E}.Release|x86.Build.0 = Release|Any CPU
		{A1773623-B28B-4861-8166-731DF4F7B11F}.Debug|Any CPU.ActiveCfg = Debug|Any CPU
		{A1773623-B28B-4861-8166-731DF4F7B11F}.Debug|Any CPU.Build.0 = Debug|Any CPU
		{A1773623-B28B-4861-8166-731DF4F7B11F}.Debug|x64.ActiveCfg = Debug|Any CPU
		{A1773623-B28B-4861-8166-731DF4F7B11F}.Debug|x64.Build.0 = Debug|Any CPU
		{A1773623-B28B-4861-8166-731DF4F7B11F}.Debug|x86.ActiveCfg = Debug|Any CPU
		{A1773623-B28B-4861-8166-731DF4F7B11F}.Debug|x86.Build.0 = Debug|Any CPU
		{A1773623-B28B-4861-8166-731DF4F7B11F}.Release|Any CPU.ActiveCfg = Release|Any CPU
		{A1773623-B28B-4861-8166-731DF4F7B11F}.Release|Any CPU.Build.0 = Release|Any CPU
		{A1773623-B28B-4861-8166-731DF4F7B11F}.Release|x64.ActiveCfg = Release|Any CPU
		{A1773623-B28B-4861-8166-731DF4F7B11F}.Release|x64.Build.0 = Release|Any CPU
		{A1773623-B28B-4861-8166-731DF4F7B11F}.Release|x86.ActiveCfg = Release|Any CPU
		{A1773623-B28B-4861-8166-731DF4F7B11F}.Release|x86.Build.0 = Release|Any CPU
		{7027609E-E236-4018-B176-9D5CF4D30E47}.Debug|Any CPU.ActiveCfg = Debug|Any CPU
		{7027609E-E236-4018-B176-9D5CF4D30E47}.Debug|Any CPU.Build.0 = Debug|Any CPU
		{7027609E-E236-4018-B176-9D5CF4D30E47}.Debug|x64.ActiveCfg = Debug|Any CPU
		{7027609E-E236-4018-B176-9D5CF4D30E47}.Debug|x64.Build.0 = Debug|Any CPU
		{7027609E-E236-4018-B176-9D5CF4D30E47}.Debug|x86.ActiveCfg = Debug|Any CPU
		{7027609E-E236-4018-B176-9D5CF4D30E47}.Debug|x86.Build.0 = Debug|Any CPU
		{7027609E-E236-4018-B176-9D5CF4D30E47}.Release|Any CPU.ActiveCfg = Release|Any CPU
		{7027609E-E236-4018-B176-9D5CF4D30E47}.Release|Any CPU.Build.0 = Release|Any CPU
		{7027609E-E236-4018-B176-9D5CF4D30E47}.Release|x64.ActiveCfg = Release|Any CPU
		{7027609E-E236-4018-B176-9D5CF4D30E47}.Release|x64.Build.0 = Release|Any CPU
		{7027609E-E236-4018-B176-9D5CF4D30E47}.Release|x86.ActiveCfg = Release|Any CPU
		{7027609E-E236-4018-B176-9D5CF4D30E47}.Release|x86.Build.0 = Release|Any CPU
		{7F609D7B-A9E9-4A07-8418-7E6254EE6BD4}.Debug|Any CPU.ActiveCfg = Debug|Any CPU
		{7F609D7B-A9E9-4A07-8418-7E6254EE6BD4}.Debug|Any CPU.Build.0 = Debug|Any CPU
		{7F609D7B-A9E9-4A07-8418-7E6254EE6BD4}.Debug|x64.ActiveCfg = Debug|Any CPU
		{7F609D7B-A9E9-4A07-8418-7E6254EE6BD4}.Debug|x64.Build.0 = Debug|Any CPU
		{7F609D7B-A9E9-4A07-8418-7E6254EE6BD4}.Debug|x86.ActiveCfg = Debug|Any CPU
		{7F609D7B-A9E9-4A07-8418-7E6254EE6BD4}.Debug|x86.Build.0 = Debug|Any CPU
		{7F609D7B-A9E9-4A07-8418-7E6254EE6BD4}.Release|Any CPU.ActiveCfg = Release|Any CPU
		{7F609D7B-A9E9-4A07-8418-7E6254EE6BD4}.Release|Any CPU.Build.0 = Release|Any CPU
		{7F609D7B-A9E9-4A07-8418-7E6254EE6BD4}.Release|x64.ActiveCfg = Release|Any CPU
		{7F609D7B-A9E9-4A07-8418-7E6254EE6BD4}.Release|x64.Build.0 = Release|Any CPU
		{7F609D7B-A9E9-4A07-8418-7E6254EE6BD4}.Release|x86.ActiveCfg = Release|Any CPU
		{7F609D7B-A9E9-4A07-8418-7E6254EE6BD4}.Release|x86.Build.0 = Release|Any CPU
		{529725BE-D6DD-4859-A6E1-4ECFBFF6BCDF}.Debug|Any CPU.ActiveCfg = Debug|Any CPU
		{529725BE-D6DD-4859-A6E1-4ECFBFF6BCDF}.Debug|Any CPU.Build.0 = Debug|Any CPU
		{529725BE-D6DD-4859-A6E1-4ECFBFF6BCDF}.Debug|x64.ActiveCfg = Debug|Any CPU
		{529725BE-D6DD-4859-A6E1-4ECFBFF6BCDF}.Debug|x64.Build.0 = Debug|Any CPU
		{529725BE-D6DD-4859-A6E1-4ECFBFF6BCDF}.Debug|x86.ActiveCfg = Debug|Any CPU
		{529725BE-D6DD-4859-A6E1-4ECFBFF6BCDF}.Debug|x86.Build.0 = Debug|Any CPU
		{529725BE-D6DD-4859-A6E1-4ECFBFF6BCDF}.Release|Any CPU.ActiveCfg = Release|Any CPU
		{529725BE-D6DD-4859-A6E1-4ECFBFF6BCDF}.Release|Any CPU.Build.0 = Release|Any CPU
		{529725BE-D6DD-4859-A6E1-4ECFBFF6BCDF}.Release|x64.ActiveCfg = Release|Any CPU
		{529725BE-D6DD-4859-A6E1-4ECFBFF6BCDF}.Release|x64.Build.0 = Release|Any CPU
		{529725BE-D6DD-4859-A6E1-4ECFBFF6BCDF}.Release|x86.ActiveCfg = Release|Any CPU
		{529725BE-D6DD-4859-A6E1-4ECFBFF6BCDF}.Release|x86.Build.0 = Release|Any CPU
		{EED9F2D8-EE5D-42B2-9A19-CE40BA4A86BE}.Debug|Any CPU.ActiveCfg = Debug|Any CPU
		{EED9F2D8-EE5D-42B2-9A19-CE40BA4A86BE}.Debug|Any CPU.Build.0 = Debug|Any CPU
		{EED9F2D8-EE5D-42B2-9A19-CE40BA4A86BE}.Debug|x64.ActiveCfg = Debug|Any CPU
		{EED9F2D8-EE5D-42B2-9A19-CE40BA4A86BE}.Debug|x64.Build.0 = Debug|Any CPU
		{EED9F2D8-EE5D-42B2-9A19-CE40BA4A86BE}.Debug|x86.ActiveCfg = Debug|Any CPU
		{EED9F2D8-EE5D-42B2-9A19-CE40BA4A86BE}.Debug|x86.Build.0 = Debug|Any CPU
		{EED9F2D8-EE5D-42B2-9A19-CE40BA4A86BE}.Release|Any CPU.ActiveCfg = Release|Any CPU
		{EED9F2D8-EE5D-42B2-9A19-CE40BA4A86BE}.Release|Any CPU.Build.0 = Release|Any CPU
		{EED9F2D8-EE5D-42B2-9A19-CE40BA4A86BE}.Release|x64.ActiveCfg = Release|Any CPU
		{EED9F2D8-EE5D-42B2-9A19-CE40BA4A86BE}.Release|x64.Build.0 = Release|Any CPU
		{EED9F2D8-EE5D-42B2-9A19-CE40BA4A86BE}.Release|x86.ActiveCfg = Release|Any CPU
		{EED9F2D8-EE5D-42B2-9A19-CE40BA4A86BE}.Release|x86.Build.0 = Release|Any CPU
		{A30B304C-6B52-49B6-B8E5-019C40E30749}.Debug|Any CPU.ActiveCfg = Debug|Any CPU
		{A30B304C-6B52-49B6-B8E5-019C40E30749}.Debug|Any CPU.Build.0 = Debug|Any CPU
		{A30B304C-6B52-49B6-B8E5-019C40E30749}.Debug|x64.ActiveCfg = Debug|Any CPU
		{A30B304C-6B52-49B6-B8E5-019C40E30749}.Debug|x64.Build.0 = Debug|Any CPU
		{A30B304C-6B52-49B6-B8E5-019C40E30749}.Debug|x86.ActiveCfg = Debug|Any CPU
		{A30B304C-6B52-49B6-B8E5-019C40E30749}.Debug|x86.Build.0 = Debug|Any CPU
		{A30B304C-6B52-49B6-B8E5-019C40E30749}.Release|Any CPU.ActiveCfg = Release|Any CPU
		{A30B304C-6B52-49B6-B8E5-019C40E30749}.Release|Any CPU.Build.0 = Release|Any CPU
		{A30B304C-6B52-49B6-B8E5-019C40E30749}.Release|x64.ActiveCfg = Release|Any CPU
		{A30B304C-6B52-49B6-B8E5-019C40E30749}.Release|x64.Build.0 = Release|Any CPU
		{A30B304C-6B52-49B6-B8E5-019C40E30749}.Release|x86.ActiveCfg = Release|Any CPU
		{A30B304C-6B52-49B6-B8E5-019C40E30749}.Release|x86.Build.0 = Release|Any CPU
		{C8FECE4A-5D44-45B5-AC98-1CB9073F861A}.Debug|Any CPU.ActiveCfg = Debug|Any CPU
		{C8FECE4A-5D44-45B5-AC98-1CB9073F861A}.Debug|Any CPU.Build.0 = Debug|Any CPU
		{C8FECE4A-5D44-45B5-AC98-1CB9073F861A}.Debug|x64.ActiveCfg = Debug|Any CPU
		{C8FECE4A-5D44-45B5-AC98-1CB9073F861A}.Debug|x64.Build.0 = Debug|Any CPU
		{C8FECE4A-5D44-45B5-AC98-1CB9073F861A}.Debug|x86.ActiveCfg = Debug|Any CPU
		{C8FECE4A-5D44-45B5-AC98-1CB9073F861A}.Debug|x86.Build.0 = Debug|Any CPU
		{C8FECE4A-5D44-45B5-AC98-1CB9073F861A}.Release|Any CPU.ActiveCfg = Release|Any CPU
		{C8FECE4A-5D44-45B5-AC98-1CB9073F861A}.Release|Any CPU.Build.0 = Release|Any CPU
		{C8FECE4A-5D44-45B5-AC98-1CB9073F861A}.Release|x64.ActiveCfg = Release|Any CPU
		{C8FECE4A-5D44-45B5-AC98-1CB9073F861A}.Release|x64.Build.0 = Release|Any CPU
		{C8FECE4A-5D44-45B5-AC98-1CB9073F861A}.Release|x86.ActiveCfg = Release|Any CPU
		{C8FECE4A-5D44-45B5-AC98-1CB9073F861A}.Release|x86.Build.0 = Release|Any CPU
		{BEC1A2C2-3D25-435A-A30D-932922EB173E}.Debug|Any CPU.ActiveCfg = Debug|Any CPU
		{BEC1A2C2-3D25-435A-A30D-932922EB173E}.Debug|Any CPU.Build.0 = Debug|Any CPU
		{BEC1A2C2-3D25-435A-A30D-932922EB173E}.Debug|x64.ActiveCfg = Debug|Any CPU
		{BEC1A2C2-3D25-435A-A30D-932922EB173E}.Debug|x64.Build.0 = Debug|Any CPU
		{BEC1A2C2-3D25-435A-A30D-932922EB173E}.Debug|x86.ActiveCfg = Debug|Any CPU
		{BEC1A2C2-3D25-435A-A30D-932922EB173E}.Debug|x86.Build.0 = Debug|Any CPU
		{BEC1A2C2-3D25-435A-A30D-932922EB173E}.Release|Any CPU.ActiveCfg = Release|Any CPU
		{BEC1A2C2-3D25-435A-A30D-932922EB173E}.Release|Any CPU.Build.0 = Release|Any CPU
		{BEC1A2C2-3D25-435A-A30D-932922EB173E}.Release|x64.ActiveCfg = Release|Any CPU
		{BEC1A2C2-3D25-435A-A30D-932922EB173E}.Release|x64.Build.0 = Release|Any CPU
		{BEC1A2C2-3D25-435A-A30D-932922EB173E}.Release|x86.ActiveCfg = Release|Any CPU
		{BEC1A2C2-3D25-435A-A30D-932922EB173E}.Release|x86.Build.0 = Release|Any CPU
		{0B07F5F1-B30C-4E76-A3B9-CF0F212B9C4E}.Debug|Any CPU.ActiveCfg = Debug|Any CPU
		{0B07F5F1-B30C-4E76-A3B9-CF0F212B9C4E}.Debug|Any CPU.Build.0 = Debug|Any CPU
		{0B07F5F1-B30C-4E76-A3B9-CF0F212B9C4E}.Debug|x64.ActiveCfg = Debug|Any CPU
		{0B07F5F1-B30C-4E76-A3B9-CF0F212B9C4E}.Debug|x64.Build.0 = Debug|Any CPU
		{0B07F5F1-B30C-4E76-A3B9-CF0F212B9C4E}.Debug|x86.ActiveCfg = Debug|Any CPU
		{0B07F5F1-B30C-4E76-A3B9-CF0F212B9C4E}.Debug|x86.Build.0 = Debug|Any CPU
		{0B07F5F1-B30C-4E76-A3B9-CF0F212B9C4E}.Release|Any CPU.ActiveCfg = Release|Any CPU
		{0B07F5F1-B30C-4E76-A3B9-CF0F212B9C4E}.Release|Any CPU.Build.0 = Release|Any CPU
		{0B07F5F1-B30C-4E76-A3B9-CF0F212B9C4E}.Release|x64.ActiveCfg = Release|Any CPU
		{0B07F5F1-B30C-4E76-A3B9-CF0F212B9C4E}.Release|x64.Build.0 = Release|Any CPU
		{0B07F5F1-B30C-4E76-A3B9-CF0F212B9C4E}.Release|x86.ActiveCfg = Release|Any CPU
		{0B07F5F1-B30C-4E76-A3B9-CF0F212B9C4E}.Release|x86.Build.0 = Release|Any CPU
		{1C4955CC-30D7-4B68-BE13-7D9248EF291B}.Debug|Any CPU.ActiveCfg = Debug|Any CPU
		{1C4955CC-30D7-4B68-BE13-7D9248EF291B}.Debug|Any CPU.Build.0 = Debug|Any CPU
		{1C4955CC-30D7-4B68-BE13-7D9248EF291B}.Debug|x64.ActiveCfg = Debug|Any CPU
		{1C4955CC-30D7-4B68-BE13-7D9248EF291B}.Debug|x64.Build.0 = Debug|Any CPU
		{1C4955CC-30D7-4B68-BE13-7D9248EF291B}.Debug|x86.ActiveCfg = Debug|Any CPU
		{1C4955CC-30D7-4B68-BE13-7D9248EF291B}.Debug|x86.Build.0 = Debug|Any CPU
		{1C4955CC-30D7-4B68-BE13-7D9248EF291B}.Release|Any CPU.ActiveCfg = Release|Any CPU
		{1C4955CC-30D7-4B68-BE13-7D9248EF291B}.Release|Any CPU.Build.0 = Release|Any CPU
		{1C4955CC-30D7-4B68-BE13-7D9248EF291B}.Release|x64.ActiveCfg = Release|Any CPU
		{1C4955CC-30D7-4B68-BE13-7D9248EF291B}.Release|x64.Build.0 = Release|Any CPU
		{1C4955CC-30D7-4B68-BE13-7D9248EF291B}.Release|x86.ActiveCfg = Release|Any CPU
		{1C4955CC-30D7-4B68-BE13-7D9248EF291B}.Release|x86.Build.0 = Release|Any CPU
		{E8731A2C-917D-4ADA-B200-6C71B4ABE4F3}.Debug|Any CPU.ActiveCfg = Debug|Any CPU
		{E8731A2C-917D-4ADA-B200-6C71B4ABE4F3}.Debug|Any CPU.Build.0 = Debug|Any CPU
		{E8731A2C-917D-4ADA-B200-6C71B4ABE4F3}.Debug|x64.ActiveCfg = Debug|Any CPU
		{E8731A2C-917D-4ADA-B200-6C71B4ABE4F3}.Debug|x64.Build.0 = Debug|Any CPU
		{E8731A2C-917D-4ADA-B200-6C71B4ABE4F3}.Debug|x86.ActiveCfg = Debug|Any CPU
		{E8731A2C-917D-4ADA-B200-6C71B4ABE4F3}.Debug|x86.Build.0 = Debug|Any CPU
		{E8731A2C-917D-4ADA-B200-6C71B4ABE4F3}.Release|Any CPU.ActiveCfg = Release|Any CPU
		{E8731A2C-917D-4ADA-B200-6C71B4ABE4F3}.Release|Any CPU.Build.0 = Release|Any CPU
		{E8731A2C-917D-4ADA-B200-6C71B4ABE4F3}.Release|x64.ActiveCfg = Release|Any CPU
		{E8731A2C-917D-4ADA-B200-6C71B4ABE4F3}.Release|x64.Build.0 = Release|Any CPU
		{E8731A2C-917D-4ADA-B200-6C71B4ABE4F3}.Release|x86.ActiveCfg = Release|Any CPU
		{E8731A2C-917D-4ADA-B200-6C71B4ABE4F3}.Release|x86.Build.0 = Release|Any CPU
		{60A62CA0-F651-471E-A9A1-58966C2A82F1}.Debug|Any CPU.ActiveCfg = Debug|Any CPU
		{60A62CA0-F651-471E-A9A1-58966C2A82F1}.Debug|Any CPU.Build.0 = Debug|Any CPU
		{60A62CA0-F651-471E-A9A1-58966C2A82F1}.Debug|x64.ActiveCfg = Debug|Any CPU
		{60A62CA0-F651-471E-A9A1-58966C2A82F1}.Debug|x64.Build.0 = Debug|Any CPU
		{60A62CA0-F651-471E-A9A1-58966C2A82F1}.Debug|x86.ActiveCfg = Debug|Any CPU
		{60A62CA0-F651-471E-A9A1-58966C2A82F1}.Debug|x86.Build.0 = Debug|Any CPU
		{60A62CA0-F651-471E-A9A1-58966C2A82F1}.Release|Any CPU.ActiveCfg = Release|Any CPU
		{60A62CA0-F651-471E-A9A1-58966C2A82F1}.Release|Any CPU.Build.0 = Release|Any CPU
		{60A62CA0-F651-471E-A9A1-58966C2A82F1}.Release|x64.ActiveCfg = Release|Any CPU
		{60A62CA0-F651-471E-A9A1-58966C2A82F1}.Release|x64.Build.0 = Release|Any CPU
		{60A62CA0-F651-471E-A9A1-58966C2A82F1}.Release|x86.ActiveCfg = Release|Any CPU
		{60A62CA0-F651-471E-A9A1-58966C2A82F1}.Release|x86.Build.0 = Release|Any CPU
		{F7C02352-B1F9-4AC5-B42B-CB59B784645D}.Debug|Any CPU.ActiveCfg = Debug|Any CPU
		{F7C02352-B1F9-4AC5-B42B-CB59B784645D}.Debug|Any CPU.Build.0 = Debug|Any CPU
		{F7C02352-B1F9-4AC5-B42B-CB59B784645D}.Debug|x64.ActiveCfg = Debug|Any CPU
		{F7C02352-B1F9-4AC5-B42B-CB59B784645D}.Debug|x64.Build.0 = Debug|Any CPU
		{F7C02352-B1F9-4AC5-B42B-CB59B784645D}.Debug|x86.ActiveCfg = Debug|Any CPU
		{F7C02352-B1F9-4AC5-B42B-CB59B784645D}.Debug|x86.Build.0 = Debug|Any CPU
		{F7C02352-B1F9-4AC5-B42B-CB59B784645D}.Release|Any CPU.ActiveCfg = Release|Any CPU
		{F7C02352-B1F9-4AC5-B42B-CB59B784645D}.Release|Any CPU.Build.0 = Release|Any CPU
		{F7C02352-B1F9-4AC5-B42B-CB59B784645D}.Release|x64.ActiveCfg = Release|Any CPU
		{F7C02352-B1F9-4AC5-B42B-CB59B784645D}.Release|x64.Build.0 = Release|Any CPU
		{F7C02352-B1F9-4AC5-B42B-CB59B784645D}.Release|x86.ActiveCfg = Release|Any CPU
		{F7C02352-B1F9-4AC5-B42B-CB59B784645D}.Release|x86.Build.0 = Release|Any CPU
		{F02657C3-98AB-4448-A01A-41B3A6069DC7}.Debug|Any CPU.ActiveCfg = Debug|Any CPU
		{F02657C3-98AB-4448-A01A-41B3A6069DC7}.Debug|Any CPU.Build.0 = Debug|Any CPU
		{F02657C3-98AB-4448-A01A-41B3A6069DC7}.Debug|x64.ActiveCfg = Debug|Any CPU
		{F02657C3-98AB-4448-A01A-41B3A6069DC7}.Debug|x64.Build.0 = Debug|Any CPU
		{F02657C3-98AB-4448-A01A-41B3A6069DC7}.Debug|x86.ActiveCfg = Debug|Any CPU
		{F02657C3-98AB-4448-A01A-41B3A6069DC7}.Debug|x86.Build.0 = Debug|Any CPU
		{F02657C3-98AB-4448-A01A-41B3A6069DC7}.Release|Any CPU.ActiveCfg = Release|Any CPU
		{F02657C3-98AB-4448-A01A-41B3A6069DC7}.Release|Any CPU.Build.0 = Release|Any CPU
		{F02657C3-98AB-4448-A01A-41B3A6069DC7}.Release|x64.ActiveCfg = Release|Any CPU
		{F02657C3-98AB-4448-A01A-41B3A6069DC7}.Release|x64.Build.0 = Release|Any CPU
		{F02657C3-98AB-4448-A01A-41B3A6069DC7}.Release|x86.ActiveCfg = Release|Any CPU
		{F02657C3-98AB-4448-A01A-41B3A6069DC7}.Release|x86.Build.0 = Release|Any CPU
		{1BF15BEA-E18F-47CA-94C1-9FCA3F21A02B}.Debug|Any CPU.ActiveCfg = Debug|Any CPU
		{1BF15BEA-E18F-47CA-94C1-9FCA3F21A02B}.Debug|Any CPU.Build.0 = Debug|Any CPU
		{1BF15BEA-E18F-47CA-94C1-9FCA3F21A02B}.Debug|x64.ActiveCfg = Debug|Any CPU
		{1BF15BEA-E18F-47CA-94C1-9FCA3F21A02B}.Debug|x64.Build.0 = Debug|Any CPU
		{1BF15BEA-E18F-47CA-94C1-9FCA3F21A02B}.Debug|x86.ActiveCfg = Debug|Any CPU
		{1BF15BEA-E18F-47CA-94C1-9FCA3F21A02B}.Debug|x86.Build.0 = Debug|Any CPU
		{1BF15BEA-E18F-47CA-94C1-9FCA3F21A02B}.Release|Any CPU.ActiveCfg = Release|Any CPU
		{1BF15BEA-E18F-47CA-94C1-9FCA3F21A02B}.Release|Any CPU.Build.0 = Release|Any CPU
		{1BF15BEA-E18F-47CA-94C1-9FCA3F21A02B}.Release|x64.ActiveCfg = Release|Any CPU
		{1BF15BEA-E18F-47CA-94C1-9FCA3F21A02B}.Release|x64.Build.0 = Release|Any CPU
		{1BF15BEA-E18F-47CA-94C1-9FCA3F21A02B}.Release|x86.ActiveCfg = Release|Any CPU
		{1BF15BEA-E18F-47CA-94C1-9FCA3F21A02B}.Release|x86.Build.0 = Release|Any CPU
		{6F63A86B-A14D-47F9-B96A-0E9F75BBF533}.Debug|Any CPU.ActiveCfg = Debug|Any CPU
		{6F63A86B-A14D-47F9-B96A-0E9F75BBF533}.Debug|Any CPU.Build.0 = Debug|Any CPU
		{6F63A86B-A14D-47F9-B96A-0E9F75BBF533}.Debug|x64.ActiveCfg = Debug|Any CPU
		{6F63A86B-A14D-47F9-B96A-0E9F75BBF533}.Debug|x64.Build.0 = Debug|Any CPU
		{6F63A86B-A14D-47F9-B96A-0E9F75BBF533}.Debug|x86.ActiveCfg = Debug|Any CPU
		{6F63A86B-A14D-47F9-B96A-0E9F75BBF533}.Debug|x86.Build.0 = Debug|Any CPU
		{6F63A86B-A14D-47F9-B96A-0E9F75BBF533}.Release|Any CPU.ActiveCfg = Release|Any CPU
		{6F63A86B-A14D-47F9-B96A-0E9F75BBF533}.Release|Any CPU.Build.0 = Release|Any CPU
		{6F63A86B-A14D-47F9-B96A-0E9F75BBF533}.Release|x64.ActiveCfg = Release|Any CPU
		{6F63A86B-A14D-47F9-B96A-0E9F75BBF533}.Release|x64.Build.0 = Release|Any CPU
		{6F63A86B-A14D-47F9-B96A-0E9F75BBF533}.Release|x86.ActiveCfg = Release|Any CPU
		{6F63A86B-A14D-47F9-B96A-0E9F75BBF533}.Release|x86.Build.0 = Release|Any CPU
		{F85A9192-34EE-462C-8981-F95206D10032}.Debug|Any CPU.ActiveCfg = Debug|Any CPU
		{F85A9192-34EE-462C-8981-F95206D10032}.Debug|Any CPU.Build.0 = Debug|Any CPU
		{F85A9192-34EE-462C-8981-F95206D10032}.Debug|x64.ActiveCfg = Debug|Any CPU
		{F85A9192-34EE-462C-8981-F95206D10032}.Debug|x64.Build.0 = Debug|Any CPU
		{F85A9192-34EE-462C-8981-F95206D10032}.Debug|x86.ActiveCfg = Debug|Any CPU
		{F85A9192-34EE-462C-8981-F95206D10032}.Debug|x86.Build.0 = Debug|Any CPU
		{F85A9192-34EE-462C-8981-F95206D10032}.Release|Any CPU.ActiveCfg = Release|Any CPU
		{F85A9192-34EE-462C-8981-F95206D10032}.Release|Any CPU.Build.0 = Release|Any CPU
		{F85A9192-34EE-462C-8981-F95206D10032}.Release|x64.ActiveCfg = Release|Any CPU
		{F85A9192-34EE-462C-8981-F95206D10032}.Release|x64.Build.0 = Release|Any CPU
		{F85A9192-34EE-462C-8981-F95206D10032}.Release|x86.ActiveCfg = Release|Any CPU
		{F85A9192-34EE-462C-8981-F95206D10032}.Release|x86.Build.0 = Release|Any CPU
		{7EAC4CC1-C7BD-47D1-AAF3-4C2D7F3CC389}.Debug|Any CPU.ActiveCfg = Debug|Any CPU
		{7EAC4CC1-C7BD-47D1-AAF3-4C2D7F3CC389}.Debug|Any CPU.Build.0 = Debug|Any CPU
		{7EAC4CC1-C7BD-47D1-AAF3-4C2D7F3CC389}.Debug|x64.ActiveCfg = Debug|Any CPU
		{7EAC4CC1-C7BD-47D1-AAF3-4C2D7F3CC389}.Debug|x64.Build.0 = Debug|Any CPU
		{7EAC4CC1-C7BD-47D1-AAF3-4C2D7F3CC389}.Debug|x86.ActiveCfg = Debug|Any CPU
		{7EAC4CC1-C7BD-47D1-AAF3-4C2D7F3CC389}.Debug|x86.Build.0 = Debug|Any CPU
		{7EAC4CC1-C7BD-47D1-AAF3-4C2D7F3CC389}.Release|Any CPU.ActiveCfg = Release|Any CPU
		{7EAC4CC1-C7BD-47D1-AAF3-4C2D7F3CC389}.Release|Any CPU.Build.0 = Release|Any CPU
		{7EAC4CC1-C7BD-47D1-AAF3-4C2D7F3CC389}.Release|x64.ActiveCfg = Release|Any CPU
		{7EAC4CC1-C7BD-47D1-AAF3-4C2D7F3CC389}.Release|x64.Build.0 = Release|Any CPU
		{7EAC4CC1-C7BD-47D1-AAF3-4C2D7F3CC389}.Release|x86.ActiveCfg = Release|Any CPU
		{7EAC4CC1-C7BD-47D1-AAF3-4C2D7F3CC389}.Release|x86.Build.0 = Release|Any CPU
		{E79D5022-4B13-4C17-A35A-AA0928B7BD1B}.Debug|Any CPU.ActiveCfg = Debug|Any CPU
		{E79D5022-4B13-4C17-A35A-AA0928B7BD1B}.Debug|Any CPU.Build.0 = Debug|Any CPU
		{E79D5022-4B13-4C17-A35A-AA0928B7BD1B}.Debug|x64.ActiveCfg = Debug|Any CPU
		{E79D5022-4B13-4C17-A35A-AA0928B7BD1B}.Debug|x64.Build.0 = Debug|Any CPU
		{E79D5022-4B13-4C17-A35A-AA0928B7BD1B}.Debug|x86.ActiveCfg = Debug|Any CPU
		{E79D5022-4B13-4C17-A35A-AA0928B7BD1B}.Debug|x86.Build.0 = Debug|Any CPU
		{E79D5022-4B13-4C17-A35A-AA0928B7BD1B}.Release|Any CPU.ActiveCfg = Release|Any CPU
		{E79D5022-4B13-4C17-A35A-AA0928B7BD1B}.Release|Any CPU.Build.0 = Release|Any CPU
		{E79D5022-4B13-4C17-A35A-AA0928B7BD1B}.Release|x64.ActiveCfg = Release|Any CPU
		{E79D5022-4B13-4C17-A35A-AA0928B7BD1B}.Release|x64.Build.0 = Release|Any CPU
		{E79D5022-4B13-4C17-A35A-AA0928B7BD1B}.Release|x86.ActiveCfg = Release|Any CPU
		{E79D5022-4B13-4C17-A35A-AA0928B7BD1B}.Release|x86.Build.0 = Release|Any CPU
		{8135DD08-9439-42E9-8684-D6E07D0DA780}.Debug|Any CPU.ActiveCfg = Debug|Any CPU
		{8135DD08-9439-42E9-8684-D6E07D0DA780}.Debug|Any CPU.Build.0 = Debug|Any CPU
		{8135DD08-9439-42E9-8684-D6E07D0DA780}.Debug|x64.ActiveCfg = Debug|Any CPU
		{8135DD08-9439-42E9-8684-D6E07D0DA780}.Debug|x64.Build.0 = Debug|Any CPU
		{8135DD08-9439-42E9-8684-D6E07D0DA780}.Debug|x86.ActiveCfg = Debug|Any CPU
		{8135DD08-9439-42E9-8684-D6E07D0DA780}.Debug|x86.Build.0 = Debug|Any CPU
		{8135DD08-9439-42E9-8684-D6E07D0DA780}.Release|Any CPU.ActiveCfg = Release|Any CPU
		{8135DD08-9439-42E9-8684-D6E07D0DA780}.Release|Any CPU.Build.0 = Release|Any CPU
		{8135DD08-9439-42E9-8684-D6E07D0DA780}.Release|x64.ActiveCfg = Release|Any CPU
		{8135DD08-9439-42E9-8684-D6E07D0DA780}.Release|x64.Build.0 = Release|Any CPU
		{8135DD08-9439-42E9-8684-D6E07D0DA780}.Release|x86.ActiveCfg = Release|Any CPU
		{8135DD08-9439-42E9-8684-D6E07D0DA780}.Release|x86.Build.0 = Release|Any CPU
		{5B4C414D-A696-4FC3-8FEC-F02B88C6666E}.Debug|Any CPU.ActiveCfg = Debug|Any CPU
		{5B4C414D-A696-4FC3-8FEC-F02B88C6666E}.Debug|Any CPU.Build.0 = Debug|Any CPU
		{5B4C414D-A696-4FC3-8FEC-F02B88C6666E}.Debug|x64.ActiveCfg = Debug|Any CPU
		{5B4C414D-A696-4FC3-8FEC-F02B88C6666E}.Debug|x64.Build.0 = Debug|Any CPU
		{5B4C414D-A696-4FC3-8FEC-F02B88C6666E}.Debug|x86.ActiveCfg = Debug|Any CPU
		{5B4C414D-A696-4FC3-8FEC-F02B88C6666E}.Debug|x86.Build.0 = Debug|Any CPU
		{5B4C414D-A696-4FC3-8FEC-F02B88C6666E}.Release|Any CPU.ActiveCfg = Release|Any CPU
		{5B4C414D-A696-4FC3-8FEC-F02B88C6666E}.Release|Any CPU.Build.0 = Release|Any CPU
		{5B4C414D-A696-4FC3-8FEC-F02B88C6666E}.Release|x64.ActiveCfg = Release|Any CPU
		{5B4C414D-A696-4FC3-8FEC-F02B88C6666E}.Release|x64.Build.0 = Release|Any CPU
		{5B4C414D-A696-4FC3-8FEC-F02B88C6666E}.Release|x86.ActiveCfg = Release|Any CPU
		{5B4C414D-A696-4FC3-8FEC-F02B88C6666E}.Release|x86.Build.0 = Release|Any CPU
		{0A0AB3ED-5CAA-4439-98B9-0BDCA817325D}.Debug|Any CPU.ActiveCfg = Debug|Any CPU
		{0A0AB3ED-5CAA-4439-98B9-0BDCA817325D}.Debug|Any CPU.Build.0 = Debug|Any CPU
		{0A0AB3ED-5CAA-4439-98B9-0BDCA817325D}.Debug|x64.ActiveCfg = Debug|Any CPU
		{0A0AB3ED-5CAA-4439-98B9-0BDCA817325D}.Debug|x64.Build.0 = Debug|Any CPU
		{0A0AB3ED-5CAA-4439-98B9-0BDCA817325D}.Debug|x86.ActiveCfg = Debug|Any CPU
		{0A0AB3ED-5CAA-4439-98B9-0BDCA817325D}.Debug|x86.Build.0 = Debug|Any CPU
		{0A0AB3ED-5CAA-4439-98B9-0BDCA817325D}.Release|Any CPU.ActiveCfg = Release|Any CPU
		{0A0AB3ED-5CAA-4439-98B9-0BDCA817325D}.Release|Any CPU.Build.0 = Release|Any CPU
		{0A0AB3ED-5CAA-4439-98B9-0BDCA817325D}.Release|x64.ActiveCfg = Release|Any CPU
		{0A0AB3ED-5CAA-4439-98B9-0BDCA817325D}.Release|x64.Build.0 = Release|Any CPU
		{0A0AB3ED-5CAA-4439-98B9-0BDCA817325D}.Release|x86.ActiveCfg = Release|Any CPU
		{0A0AB3ED-5CAA-4439-98B9-0BDCA817325D}.Release|x86.Build.0 = Release|Any CPU
		{FAF2DBCA-F323-42CA-800A-C961EB5F54BF}.Debug|Any CPU.ActiveCfg = Debug|Any CPU
		{FAF2DBCA-F323-42CA-800A-C961EB5F54BF}.Debug|Any CPU.Build.0 = Debug|Any CPU
		{FAF2DBCA-F323-42CA-800A-C961EB5F54BF}.Debug|x64.ActiveCfg = Debug|Any CPU
		{FAF2DBCA-F323-42CA-800A-C961EB5F54BF}.Debug|x64.Build.0 = Debug|Any CPU
		{FAF2DBCA-F323-42CA-800A-C961EB5F54BF}.Debug|x86.ActiveCfg = Debug|Any CPU
		{FAF2DBCA-F323-42CA-800A-C961EB5F54BF}.Debug|x86.Build.0 = Debug|Any CPU
		{FAF2DBCA-F323-42CA-800A-C961EB5F54BF}.Release|Any CPU.ActiveCfg = Release|Any CPU
		{FAF2DBCA-F323-42CA-800A-C961EB5F54BF}.Release|Any CPU.Build.0 = Release|Any CPU
		{FAF2DBCA-F323-42CA-800A-C961EB5F54BF}.Release|x64.ActiveCfg = Release|Any CPU
		{FAF2DBCA-F323-42CA-800A-C961EB5F54BF}.Release|x64.Build.0 = Release|Any CPU
		{FAF2DBCA-F323-42CA-800A-C961EB5F54BF}.Release|x86.ActiveCfg = Release|Any CPU
		{FAF2DBCA-F323-42CA-800A-C961EB5F54BF}.Release|x86.Build.0 = Release|Any CPU
		{BCCE8C4B-A448-4E6D-84C3-83C2534B4DB7}.Debug|Any CPU.ActiveCfg = Debug|Any CPU
		{BCCE8C4B-A448-4E6D-84C3-83C2534B4DB7}.Debug|Any CPU.Build.0 = Debug|Any CPU
		{BCCE8C4B-A448-4E6D-84C3-83C2534B4DB7}.Debug|x64.ActiveCfg = Debug|Any CPU
		{BCCE8C4B-A448-4E6D-84C3-83C2534B4DB7}.Debug|x64.Build.0 = Debug|Any CPU
		{BCCE8C4B-A448-4E6D-84C3-83C2534B4DB7}.Debug|x86.ActiveCfg = Debug|Any CPU
		{BCCE8C4B-A448-4E6D-84C3-83C2534B4DB7}.Debug|x86.Build.0 = Debug|Any CPU
		{BCCE8C4B-A448-4E6D-84C3-83C2534B4DB7}.Release|Any CPU.ActiveCfg = Release|Any CPU
		{BCCE8C4B-A448-4E6D-84C3-83C2534B4DB7}.Release|Any CPU.Build.0 = Release|Any CPU
		{BCCE8C4B-A448-4E6D-84C3-83C2534B4DB7}.Release|x64.ActiveCfg = Release|Any CPU
		{BCCE8C4B-A448-4E6D-84C3-83C2534B4DB7}.Release|x64.Build.0 = Release|Any CPU
		{BCCE8C4B-A448-4E6D-84C3-83C2534B4DB7}.Release|x86.ActiveCfg = Release|Any CPU
		{BCCE8C4B-A448-4E6D-84C3-83C2534B4DB7}.Release|x86.Build.0 = Release|Any CPU
		{AD7434DA-5047-4867-B1AE-3FC9AD3EB758}.Debug|Any CPU.ActiveCfg = Debug|Any CPU
		{AD7434DA-5047-4867-B1AE-3FC9AD3EB758}.Debug|Any CPU.Build.0 = Debug|Any CPU
		{AD7434DA-5047-4867-B1AE-3FC9AD3EB758}.Debug|x64.ActiveCfg = Debug|Any CPU
		{AD7434DA-5047-4867-B1AE-3FC9AD3EB758}.Debug|x64.Build.0 = Debug|Any CPU
		{AD7434DA-5047-4867-B1AE-3FC9AD3EB758}.Debug|x86.ActiveCfg = Debug|Any CPU
		{AD7434DA-5047-4867-B1AE-3FC9AD3EB758}.Debug|x86.Build.0 = Debug|Any CPU
		{AD7434DA-5047-4867-B1AE-3FC9AD3EB758}.Release|Any CPU.ActiveCfg = Release|Any CPU
		{AD7434DA-5047-4867-B1AE-3FC9AD3EB758}.Release|Any CPU.Build.0 = Release|Any CPU
		{AD7434DA-5047-4867-B1AE-3FC9AD3EB758}.Release|x64.ActiveCfg = Release|Any CPU
		{AD7434DA-5047-4867-B1AE-3FC9AD3EB758}.Release|x64.Build.0 = Release|Any CPU
		{AD7434DA-5047-4867-B1AE-3FC9AD3EB758}.Release|x86.ActiveCfg = Release|Any CPU
		{AD7434DA-5047-4867-B1AE-3FC9AD3EB758}.Release|x86.Build.0 = Release|Any CPU
		{4E3F8B79-0816-46E1-8378-3000E75F69C6}.Debug|Any CPU.ActiveCfg = Debug|Any CPU
		{4E3F8B79-0816-46E1-8378-3000E75F69C6}.Debug|Any CPU.Build.0 = Debug|Any CPU
		{4E3F8B79-0816-46E1-8378-3000E75F69C6}.Debug|x64.ActiveCfg = Debug|Any CPU
		{4E3F8B79-0816-46E1-8378-3000E75F69C6}.Debug|x64.Build.0 = Debug|Any CPU
		{4E3F8B79-0816-46E1-8378-3000E75F69C6}.Debug|x86.ActiveCfg = Debug|Any CPU
		{4E3F8B79-0816-46E1-8378-3000E75F69C6}.Debug|x86.Build.0 = Debug|Any CPU
		{4E3F8B79-0816-46E1-8378-3000E75F69C6}.Release|Any CPU.ActiveCfg = Release|Any CPU
		{4E3F8B79-0816-46E1-8378-3000E75F69C6}.Release|Any CPU.Build.0 = Release|Any CPU
		{4E3F8B79-0816-46E1-8378-3000E75F69C6}.Release|x64.ActiveCfg = Release|Any CPU
		{4E3F8B79-0816-46E1-8378-3000E75F69C6}.Release|x64.Build.0 = Release|Any CPU
		{4E3F8B79-0816-46E1-8378-3000E75F69C6}.Release|x86.ActiveCfg = Release|Any CPU
		{4E3F8B79-0816-46E1-8378-3000E75F69C6}.Release|x86.Build.0 = Release|Any CPU
		{03A7313C-F938-44B6-8ECE-E181C3B7C2B3}.Debug|Any CPU.ActiveCfg = Debug|Any CPU
		{03A7313C-F938-44B6-8ECE-E181C3B7C2B3}.Debug|Any CPU.Build.0 = Debug|Any CPU
		{03A7313C-F938-44B6-8ECE-E181C3B7C2B3}.Debug|x64.ActiveCfg = Debug|Any CPU
		{03A7313C-F938-44B6-8ECE-E181C3B7C2B3}.Debug|x64.Build.0 = Debug|Any CPU
		{03A7313C-F938-44B6-8ECE-E181C3B7C2B3}.Debug|x86.ActiveCfg = Debug|Any CPU
		{03A7313C-F938-44B6-8ECE-E181C3B7C2B3}.Debug|x86.Build.0 = Debug|Any CPU
		{03A7313C-F938-44B6-8ECE-E181C3B7C2B3}.Release|Any CPU.ActiveCfg = Release|Any CPU
		{03A7313C-F938-44B6-8ECE-E181C3B7C2B3}.Release|Any CPU.Build.0 = Release|Any CPU
		{03A7313C-F938-44B6-8ECE-E181C3B7C2B3}.Release|x64.ActiveCfg = Release|Any CPU
		{03A7313C-F938-44B6-8ECE-E181C3B7C2B3}.Release|x64.Build.0 = Release|Any CPU
		{03A7313C-F938-44B6-8ECE-E181C3B7C2B3}.Release|x86.ActiveCfg = Release|Any CPU
		{03A7313C-F938-44B6-8ECE-E181C3B7C2B3}.Release|x86.Build.0 = Release|Any CPU
		{BD534DDB-B7EA-4067-8DF7-CB51F61A14A5}.Debug|Any CPU.ActiveCfg = Debug|Any CPU
		{BD534DDB-B7EA-4067-8DF7-CB51F61A14A5}.Debug|Any CPU.Build.0 = Debug|Any CPU
		{BD534DDB-B7EA-4067-8DF7-CB51F61A14A5}.Debug|x64.ActiveCfg = Debug|Any CPU
		{BD534DDB-B7EA-4067-8DF7-CB51F61A14A5}.Debug|x64.Build.0 = Debug|Any CPU
		{BD534DDB-B7EA-4067-8DF7-CB51F61A14A5}.Debug|x86.ActiveCfg = Debug|Any CPU
		{BD534DDB-B7EA-4067-8DF7-CB51F61A14A5}.Debug|x86.Build.0 = Debug|Any CPU
		{BD534DDB-B7EA-4067-8DF7-CB51F61A14A5}.Release|Any CPU.ActiveCfg = Release|Any CPU
		{BD534DDB-B7EA-4067-8DF7-CB51F61A14A5}.Release|Any CPU.Build.0 = Release|Any CPU
		{BD534DDB-B7EA-4067-8DF7-CB51F61A14A5}.Release|x64.ActiveCfg = Release|Any CPU
		{BD534DDB-B7EA-4067-8DF7-CB51F61A14A5}.Release|x64.Build.0 = Release|Any CPU
		{BD534DDB-B7EA-4067-8DF7-CB51F61A14A5}.Release|x86.ActiveCfg = Release|Any CPU
		{BD534DDB-B7EA-4067-8DF7-CB51F61A14A5}.Release|x86.Build.0 = Release|Any CPU
		{C054BAEC-4CE1-4419-8EB0-9EC6C8D32835}.Debug|Any CPU.ActiveCfg = Debug|Any CPU
		{C054BAEC-4CE1-4419-8EB0-9EC6C8D32835}.Debug|Any CPU.Build.0 = Debug|Any CPU
		{C054BAEC-4CE1-4419-8EB0-9EC6C8D32835}.Debug|x64.ActiveCfg = Debug|Any CPU
		{C054BAEC-4CE1-4419-8EB0-9EC6C8D32835}.Debug|x64.Build.0 = Debug|Any CPU
		{C054BAEC-4CE1-4419-8EB0-9EC6C8D32835}.Debug|x86.ActiveCfg = Debug|Any CPU
		{C054BAEC-4CE1-4419-8EB0-9EC6C8D32835}.Debug|x86.Build.0 = Debug|Any CPU
		{C054BAEC-4CE1-4419-8EB0-9EC6C8D32835}.Release|Any CPU.ActiveCfg = Release|Any CPU
		{C054BAEC-4CE1-4419-8EB0-9EC6C8D32835}.Release|Any CPU.Build.0 = Release|Any CPU
		{C054BAEC-4CE1-4419-8EB0-9EC6C8D32835}.Release|x64.ActiveCfg = Release|Any CPU
		{C054BAEC-4CE1-4419-8EB0-9EC6C8D32835}.Release|x64.Build.0 = Release|Any CPU
		{C054BAEC-4CE1-4419-8EB0-9EC6C8D32835}.Release|x86.ActiveCfg = Release|Any CPU
		{C054BAEC-4CE1-4419-8EB0-9EC6C8D32835}.Release|x86.Build.0 = Release|Any CPU
		{D780309F-8DC4-40CA-822D-C5589989291F}.Debug|Any CPU.ActiveCfg = Debug|Any CPU
		{D780309F-8DC4-40CA-822D-C5589989291F}.Debug|Any CPU.Build.0 = Debug|Any CPU
		{D780309F-8DC4-40CA-822D-C5589989291F}.Debug|x64.ActiveCfg = Debug|Any CPU
		{D780309F-8DC4-40CA-822D-C5589989291F}.Debug|x64.Build.0 = Debug|Any CPU
		{D780309F-8DC4-40CA-822D-C5589989291F}.Debug|x86.ActiveCfg = Debug|Any CPU
		{D780309F-8DC4-40CA-822D-C5589989291F}.Debug|x86.Build.0 = Debug|Any CPU
		{D780309F-8DC4-40CA-822D-C5589989291F}.Release|Any CPU.ActiveCfg = Release|Any CPU
		{D780309F-8DC4-40CA-822D-C5589989291F}.Release|Any CPU.Build.0 = Release|Any CPU
		{D780309F-8DC4-40CA-822D-C5589989291F}.Release|x64.ActiveCfg = Release|Any CPU
		{D780309F-8DC4-40CA-822D-C5589989291F}.Release|x64.Build.0 = Release|Any CPU
		{D780309F-8DC4-40CA-822D-C5589989291F}.Release|x86.ActiveCfg = Release|Any CPU
		{D780309F-8DC4-40CA-822D-C5589989291F}.Release|x86.Build.0 = Release|Any CPU
		{81E64164-B15A-4222-A146-71C58A4CA7EE}.Debug|Any CPU.ActiveCfg = Debug|Any CPU
		{81E64164-B15A-4222-A146-71C58A4CA7EE}.Debug|Any CPU.Build.0 = Debug|Any CPU
		{81E64164-B15A-4222-A146-71C58A4CA7EE}.Debug|x64.ActiveCfg = Debug|Any CPU
		{81E64164-B15A-4222-A146-71C58A4CA7EE}.Debug|x64.Build.0 = Debug|Any CPU
		{81E64164-B15A-4222-A146-71C58A4CA7EE}.Debug|x86.ActiveCfg = Debug|Any CPU
		{81E64164-B15A-4222-A146-71C58A4CA7EE}.Debug|x86.Build.0 = Debug|Any CPU
		{81E64164-B15A-4222-A146-71C58A4CA7EE}.Release|Any CPU.ActiveCfg = Release|Any CPU
		{81E64164-B15A-4222-A146-71C58A4CA7EE}.Release|Any CPU.Build.0 = Release|Any CPU
		{81E64164-B15A-4222-A146-71C58A4CA7EE}.Release|x64.ActiveCfg = Release|Any CPU
		{81E64164-B15A-4222-A146-71C58A4CA7EE}.Release|x64.Build.0 = Release|Any CPU
		{81E64164-B15A-4222-A146-71C58A4CA7EE}.Release|x86.ActiveCfg = Release|Any CPU
		{81E64164-B15A-4222-A146-71C58A4CA7EE}.Release|x86.Build.0 = Release|Any CPU
		{1C241FD5-2BAD-4B36-BB04-9BFFE612AE86}.Debug|Any CPU.ActiveCfg = Debug|Any CPU
		{1C241FD5-2BAD-4B36-BB04-9BFFE612AE86}.Debug|Any CPU.Build.0 = Debug|Any CPU
		{1C241FD5-2BAD-4B36-BB04-9BFFE612AE86}.Debug|x64.ActiveCfg = Debug|Any CPU
		{1C241FD5-2BAD-4B36-BB04-9BFFE612AE86}.Debug|x64.Build.0 = Debug|Any CPU
		{1C241FD5-2BAD-4B36-BB04-9BFFE612AE86}.Debug|x86.ActiveCfg = Debug|Any CPU
		{1C241FD5-2BAD-4B36-BB04-9BFFE612AE86}.Debug|x86.Build.0 = Debug|Any CPU
		{1C241FD5-2BAD-4B36-BB04-9BFFE612AE86}.Release|Any CPU.ActiveCfg = Release|Any CPU
		{1C241FD5-2BAD-4B36-BB04-9BFFE612AE86}.Release|Any CPU.Build.0 = Release|Any CPU
		{1C241FD5-2BAD-4B36-BB04-9BFFE612AE86}.Release|x64.ActiveCfg = Release|Any CPU
		{1C241FD5-2BAD-4B36-BB04-9BFFE612AE86}.Release|x64.Build.0 = Release|Any CPU
		{1C241FD5-2BAD-4B36-BB04-9BFFE612AE86}.Release|x86.ActiveCfg = Release|Any CPU
		{1C241FD5-2BAD-4B36-BB04-9BFFE612AE86}.Release|x86.Build.0 = Release|Any CPU
		{142354A9-4B91-47D6-835A-5733EB601148}.Debug|Any CPU.ActiveCfg = Debug|Any CPU
		{142354A9-4B91-47D6-835A-5733EB601148}.Debug|Any CPU.Build.0 = Debug|Any CPU
		{142354A9-4B91-47D6-835A-5733EB601148}.Debug|x64.ActiveCfg = Debug|Any CPU
		{142354A9-4B91-47D6-835A-5733EB601148}.Debug|x64.Build.0 = Debug|Any CPU
		{142354A9-4B91-47D6-835A-5733EB601148}.Debug|x86.ActiveCfg = Debug|Any CPU
		{142354A9-4B91-47D6-835A-5733EB601148}.Debug|x86.Build.0 = Debug|Any CPU
		{142354A9-4B91-47D6-835A-5733EB601148}.Release|Any CPU.ActiveCfg = Release|Any CPU
		{142354A9-4B91-47D6-835A-5733EB601148}.Release|Any CPU.Build.0 = Release|Any CPU
		{142354A9-4B91-47D6-835A-5733EB601148}.Release|x64.ActiveCfg = Release|Any CPU
		{142354A9-4B91-47D6-835A-5733EB601148}.Release|x64.Build.0 = Release|Any CPU
		{142354A9-4B91-47D6-835A-5733EB601148}.Release|x86.ActiveCfg = Release|Any CPU
		{142354A9-4B91-47D6-835A-5733EB601148}.Release|x86.Build.0 = Release|Any CPU
		{BF9CDC3E-7179-4DD5-94E1-F2AF30A0E81B}.Debug|Any CPU.ActiveCfg = Debug|Any CPU
		{BF9CDC3E-7179-4DD5-94E1-F2AF30A0E81B}.Debug|Any CPU.Build.0 = Debug|Any CPU
		{BF9CDC3E-7179-4DD5-94E1-F2AF30A0E81B}.Debug|x64.ActiveCfg = Debug|Any CPU
		{BF9CDC3E-7179-4DD5-94E1-F2AF30A0E81B}.Debug|x64.Build.0 = Debug|Any CPU
		{BF9CDC3E-7179-4DD5-94E1-F2AF30A0E81B}.Debug|x86.ActiveCfg = Debug|Any CPU
		{BF9CDC3E-7179-4DD5-94E1-F2AF30A0E81B}.Debug|x86.Build.0 = Debug|Any CPU
		{BF9CDC3E-7179-4DD5-94E1-F2AF30A0E81B}.Release|Any CPU.ActiveCfg = Release|Any CPU
		{BF9CDC3E-7179-4DD5-94E1-F2AF30A0E81B}.Release|Any CPU.Build.0 = Release|Any CPU
		{BF9CDC3E-7179-4DD5-94E1-F2AF30A0E81B}.Release|x64.ActiveCfg = Release|Any CPU
		{BF9CDC3E-7179-4DD5-94E1-F2AF30A0E81B}.Release|x64.Build.0 = Release|Any CPU
		{BF9CDC3E-7179-4DD5-94E1-F2AF30A0E81B}.Release|x86.ActiveCfg = Release|Any CPU
		{BF9CDC3E-7179-4DD5-94E1-F2AF30A0E81B}.Release|x86.Build.0 = Release|Any CPU
		{2268C734-4F7E-4694-93AC-98457E91E109}.Debug|Any CPU.ActiveCfg = Debug|Any CPU
		{2268C734-4F7E-4694-93AC-98457E91E109}.Debug|Any CPU.Build.0 = Debug|Any CPU
		{2268C734-4F7E-4694-93AC-98457E91E109}.Debug|x64.ActiveCfg = Debug|Any CPU
		{2268C734-4F7E-4694-93AC-98457E91E109}.Debug|x64.Build.0 = Debug|Any CPU
		{2268C734-4F7E-4694-93AC-98457E91E109}.Debug|x86.ActiveCfg = Debug|Any CPU
		{2268C734-4F7E-4694-93AC-98457E91E109}.Debug|x86.Build.0 = Debug|Any CPU
		{2268C734-4F7E-4694-93AC-98457E91E109}.Release|Any CPU.ActiveCfg = Release|Any CPU
		{2268C734-4F7E-4694-93AC-98457E91E109}.Release|Any CPU.Build.0 = Release|Any CPU
		{2268C734-4F7E-4694-93AC-98457E91E109}.Release|x64.ActiveCfg = Release|Any CPU
		{2268C734-4F7E-4694-93AC-98457E91E109}.Release|x64.Build.0 = Release|Any CPU
		{2268C734-4F7E-4694-93AC-98457E91E109}.Release|x86.ActiveCfg = Release|Any CPU
		{2268C734-4F7E-4694-93AC-98457E91E109}.Release|x86.Build.0 = Release|Any CPU
		{9153D7AC-D60C-4BE8-854F-EA180FD9F614}.Debug|Any CPU.ActiveCfg = Debug|Any CPU
		{9153D7AC-D60C-4BE8-854F-EA180FD9F614}.Debug|Any CPU.Build.0 = Debug|Any CPU
		{9153D7AC-D60C-4BE8-854F-EA180FD9F614}.Debug|x64.ActiveCfg = Debug|Any CPU
		{9153D7AC-D60C-4BE8-854F-EA180FD9F614}.Debug|x64.Build.0 = Debug|Any CPU
		{9153D7AC-D60C-4BE8-854F-EA180FD9F614}.Debug|x86.ActiveCfg = Debug|Any CPU
		{9153D7AC-D60C-4BE8-854F-EA180FD9F614}.Debug|x86.Build.0 = Debug|Any CPU
		{9153D7AC-D60C-4BE8-854F-EA180FD9F614}.Release|Any CPU.ActiveCfg = Release|Any CPU
		{9153D7AC-D60C-4BE8-854F-EA180FD9F614}.Release|Any CPU.Build.0 = Release|Any CPU
		{9153D7AC-D60C-4BE8-854F-EA180FD9F614}.Release|x64.ActiveCfg = Release|Any CPU
		{9153D7AC-D60C-4BE8-854F-EA180FD9F614}.Release|x64.Build.0 = Release|Any CPU
		{9153D7AC-D60C-4BE8-854F-EA180FD9F614}.Release|x86.ActiveCfg = Release|Any CPU
		{9153D7AC-D60C-4BE8-854F-EA180FD9F614}.Release|x86.Build.0 = Release|Any CPU
		{02A0F289-3DFD-4127-9D8F-B6E076802CC3}.Debug|Any CPU.ActiveCfg = Debug|Any CPU
		{02A0F289-3DFD-4127-9D8F-B6E076802CC3}.Debug|Any CPU.Build.0 = Debug|Any CPU
		{02A0F289-3DFD-4127-9D8F-B6E076802CC3}.Debug|x64.ActiveCfg = Debug|Any CPU
		{02A0F289-3DFD-4127-9D8F-B6E076802CC3}.Debug|x64.Build.0 = Debug|Any CPU
		{02A0F289-3DFD-4127-9D8F-B6E076802CC3}.Debug|x86.ActiveCfg = Debug|Any CPU
		{02A0F289-3DFD-4127-9D8F-B6E076802CC3}.Debug|x86.Build.0 = Debug|Any CPU
		{02A0F289-3DFD-4127-9D8F-B6E076802CC3}.Release|Any CPU.ActiveCfg = Release|Any CPU
		{02A0F289-3DFD-4127-9D8F-B6E076802CC3}.Release|Any CPU.Build.0 = Release|Any CPU
		{02A0F289-3DFD-4127-9D8F-B6E076802CC3}.Release|x64.ActiveCfg = Release|Any CPU
		{02A0F289-3DFD-4127-9D8F-B6E076802CC3}.Release|x64.Build.0 = Release|Any CPU
		{02A0F289-3DFD-4127-9D8F-B6E076802CC3}.Release|x86.ActiveCfg = Release|Any CPU
		{02A0F289-3DFD-4127-9D8F-B6E076802CC3}.Release|x86.Build.0 = Release|Any CPU
		{07ECF29A-18AB-4116-B1F8-618617E23D8A}.Debug|Any CPU.ActiveCfg = Debug|Any CPU
		{07ECF29A-18AB-4116-B1F8-618617E23D8A}.Debug|Any CPU.Build.0 = Debug|Any CPU
		{07ECF29A-18AB-4116-B1F8-618617E23D8A}.Debug|x64.ActiveCfg = Debug|Any CPU
		{07ECF29A-18AB-4116-B1F8-618617E23D8A}.Debug|x64.Build.0 = Debug|Any CPU
		{07ECF29A-18AB-4116-B1F8-618617E23D8A}.Debug|x86.ActiveCfg = Debug|Any CPU
		{07ECF29A-18AB-4116-B1F8-618617E23D8A}.Debug|x86.Build.0 = Debug|Any CPU
		{07ECF29A-18AB-4116-B1F8-618617E23D8A}.Release|Any CPU.ActiveCfg = Release|Any CPU
		{07ECF29A-18AB-4116-B1F8-618617E23D8A}.Release|Any CPU.Build.0 = Release|Any CPU
		{07ECF29A-18AB-4116-B1F8-618617E23D8A}.Release|x64.ActiveCfg = Release|Any CPU
		{07ECF29A-18AB-4116-B1F8-618617E23D8A}.Release|x64.Build.0 = Release|Any CPU
		{07ECF29A-18AB-4116-B1F8-618617E23D8A}.Release|x86.ActiveCfg = Release|Any CPU
		{07ECF29A-18AB-4116-B1F8-618617E23D8A}.Release|x86.Build.0 = Release|Any CPU
		{AC82C542-8F46-49B1-AA9F-5825BA040681}.Debug|Any CPU.ActiveCfg = Debug|Any CPU
		{AC82C542-8F46-49B1-AA9F-5825BA040681}.Debug|Any CPU.Build.0 = Debug|Any CPU
		{AC82C542-8F46-49B1-AA9F-5825BA040681}.Debug|x64.ActiveCfg = Debug|Any CPU
		{AC82C542-8F46-49B1-AA9F-5825BA040681}.Debug|x64.Build.0 = Debug|Any CPU
		{AC82C542-8F46-49B1-AA9F-5825BA040681}.Debug|x86.ActiveCfg = Debug|Any CPU
		{AC82C542-8F46-49B1-AA9F-5825BA040681}.Debug|x86.Build.0 = Debug|Any CPU
		{AC82C542-8F46-49B1-AA9F-5825BA040681}.Release|Any CPU.ActiveCfg = Release|Any CPU
		{AC82C542-8F46-49B1-AA9F-5825BA040681}.Release|Any CPU.Build.0 = Release|Any CPU
		{AC82C542-8F46-49B1-AA9F-5825BA040681}.Release|x64.ActiveCfg = Release|Any CPU
		{AC82C542-8F46-49B1-AA9F-5825BA040681}.Release|x64.Build.0 = Release|Any CPU
		{AC82C542-8F46-49B1-AA9F-5825BA040681}.Release|x86.ActiveCfg = Release|Any CPU
		{AC82C542-8F46-49B1-AA9F-5825BA040681}.Release|x86.Build.0 = Release|Any CPU
		{6FA1B4DE-8668-41EB-A032-189686D0F0CD}.Debug|Any CPU.ActiveCfg = Debug|Any CPU
		{6FA1B4DE-8668-41EB-A032-189686D0F0CD}.Debug|Any CPU.Build.0 = Debug|Any CPU
		{6FA1B4DE-8668-41EB-A032-189686D0F0CD}.Debug|x64.ActiveCfg = Debug|Any CPU
		{6FA1B4DE-8668-41EB-A032-189686D0F0CD}.Debug|x64.Build.0 = Debug|Any CPU
		{6FA1B4DE-8668-41EB-A032-189686D0F0CD}.Debug|x86.ActiveCfg = Debug|Any CPU
		{6FA1B4DE-8668-41EB-A032-189686D0F0CD}.Debug|x86.Build.0 = Debug|Any CPU
		{6FA1B4DE-8668-41EB-A032-189686D0F0CD}.Release|Any CPU.ActiveCfg = Release|Any CPU
		{6FA1B4DE-8668-41EB-A032-189686D0F0CD}.Release|Any CPU.Build.0 = Release|Any CPU
		{6FA1B4DE-8668-41EB-A032-189686D0F0CD}.Release|x64.ActiveCfg = Release|Any CPU
		{6FA1B4DE-8668-41EB-A032-189686D0F0CD}.Release|x64.Build.0 = Release|Any CPU
		{6FA1B4DE-8668-41EB-A032-189686D0F0CD}.Release|x86.ActiveCfg = Release|Any CPU
		{6FA1B4DE-8668-41EB-A032-189686D0F0CD}.Release|x86.Build.0 = Release|Any CPU
	EndGlobalSection
	GlobalSection(SolutionProperties) = preSolution
		HideSolutionNode = FALSE
	EndGlobalSection
	GlobalSection(NestedProjects) = preSolution
		{727D7D4F-9D9E-450B-9AAD-6F7A1148892B} = {310841C1-DC80-45B9-A8E6-0CDA4857AFAF}
		{846C27EB-1D4E-4E2A-BD19-5AC4B8B8832D} = {5621412C-6E15-4A46-B8FB-FC23D2688027}
		{1E2F47BB-490D-435C-B7D8-FBF80EDDE31B} = {5621412C-6E15-4A46-B8FB-FC23D2688027}
		{0A851117-A558-4236-BCB6-E5228C8F267B} = {5621412C-6E15-4A46-B8FB-FC23D2688027}
		{7F0274DB-CE08-427F-8A62-E5B23C0FD676} = {5621412C-6E15-4A46-B8FB-FC23D2688027}
		{A2A6D69B-5598-47AB-9273-877273611BF9} = {5621412C-6E15-4A46-B8FB-FC23D2688027}
		{92FC4E11-F60D-4696-ABEB-768CE76A77E2} = {5621412C-6E15-4A46-B8FB-FC23D2688027}
		{78E456E1-2255-4948-BA85-5ED3BDB01890} = {5621412C-6E15-4A46-B8FB-FC23D2688027}
		{FB0A9A48-735D-4F93-A026-9305AB1C054F} = {5621412C-6E15-4A46-B8FB-FC23D2688027}
		{3CB6E6AB-5208-41A0-9C7C-1EA57DC7B2FD} = {5621412C-6E15-4A46-B8FB-FC23D2688027}
		{CA7208C2-54E0-4254-B10A-70385539B1A4} = {A2A6D69B-5598-47AB-9273-877273611BF9}
		{F7E77D57-B7AA-4D8B-9177-7AAB1CFACA77} = {A2A6D69B-5598-47AB-9273-877273611BF9}
		{52863043-2504-4E6D-97CA-6A8BC5D85A5E} = {A2A6D69B-5598-47AB-9273-877273611BF9}
		{A1773623-B28B-4861-8166-731DF4F7B11F} = {78E456E1-2255-4948-BA85-5ED3BDB01890}
		{7027609E-E236-4018-B176-9D5CF4D30E47} = {78E456E1-2255-4948-BA85-5ED3BDB01890}
		{7F609D7B-A9E9-4A07-8418-7E6254EE6BD4} = {78E456E1-2255-4948-BA85-5ED3BDB01890}
		{529725BE-D6DD-4859-A6E1-4ECFBFF6BCDF} = {92FC4E11-F60D-4696-ABEB-768CE76A77E2}
		{EED9F2D8-EE5D-42B2-9A19-CE40BA4A86BE} = {92FC4E11-F60D-4696-ABEB-768CE76A77E2}
		{A30B304C-6B52-49B6-B8E5-019C40E30749} = {92FC4E11-F60D-4696-ABEB-768CE76A77E2}
		{C8FECE4A-5D44-45B5-AC98-1CB9073F861A} = {846C27EB-1D4E-4E2A-BD19-5AC4B8B8832D}
		{BEC1A2C2-3D25-435A-A30D-932922EB173E} = {846C27EB-1D4E-4E2A-BD19-5AC4B8B8832D}
		{0B07F5F1-B30C-4E76-A3B9-CF0F212B9C4E} = {846C27EB-1D4E-4E2A-BD19-5AC4B8B8832D}
		{1C4955CC-30D7-4B68-BE13-7D9248EF291B} = {1E2F47BB-490D-435C-B7D8-FBF80EDDE31B}
		{E8731A2C-917D-4ADA-B200-6C71B4ABE4F3} = {1E2F47BB-490D-435C-B7D8-FBF80EDDE31B}
		{60A62CA0-F651-471E-A9A1-58966C2A82F1} = {1E2F47BB-490D-435C-B7D8-FBF80EDDE31B}
		{F7C02352-B1F9-4AC5-B42B-CB59B784645D} = {0A851117-A558-4236-BCB6-E5228C8F267B}
		{F02657C3-98AB-4448-A01A-41B3A6069DC7} = {0A851117-A558-4236-BCB6-E5228C8F267B}
		{1BF15BEA-E18F-47CA-94C1-9FCA3F21A02B} = {0A851117-A558-4236-BCB6-E5228C8F267B}
		{6F63A86B-A14D-47F9-B96A-0E9F75BBF533} = {7F0274DB-CE08-427F-8A62-E5B23C0FD676}
		{F85A9192-34EE-462C-8981-F95206D10032} = {7F0274DB-CE08-427F-8A62-E5B23C0FD676}
		{7EAC4CC1-C7BD-47D1-AAF3-4C2D7F3CC389} = {7F0274DB-CE08-427F-8A62-E5B23C0FD676}
		{E79D5022-4B13-4C17-A35A-AA0928B7BD1B} = {FB0A9A48-735D-4F93-A026-9305AB1C054F}
		{8135DD08-9439-42E9-8684-D6E07D0DA780} = {FB0A9A48-735D-4F93-A026-9305AB1C054F}
		{5B4C414D-A696-4FC3-8FEC-F02B88C6666E} = {FB0A9A48-735D-4F93-A026-9305AB1C054F}
		{0A0AB3ED-5CAA-4439-98B9-0BDCA817325D} = {455850B9-9058-4A94-B497-1B66076167F1}
		{FAF2DBCA-F323-42CA-800A-C961EB5F54BF} = {7AEB62EB-B3A6-49CA-A3F8-F3A9401802ED}
		{BCCE8C4B-A448-4E6D-84C3-83C2534B4DB7} = {7AEB62EB-B3A6-49CA-A3F8-F3A9401802ED}
		{AD7434DA-5047-4867-B1AE-3FC9AD3EB758} = {846C27EB-1D4E-4E2A-BD19-5AC4B8B8832D}
		{4E3F8B79-0816-46E1-8378-3000E75F69C6} = {A2A6D69B-5598-47AB-9273-877273611BF9}
		{03A7313C-F938-44B6-8ECE-E181C3B7C2B3} = {7F0274DB-CE08-427F-8A62-E5B23C0FD676}
		{BD534DDB-B7EA-4067-8DF7-CB51F61A14A5} = {1E2F47BB-490D-435C-B7D8-FBF80EDDE31B}
		{C23FDB02-DD26-0922-AE5B-233834B2105D} = {5621412C-6E15-4A46-B8FB-FC23D2688027}
		{C054BAEC-4CE1-4419-8EB0-9EC6C8D32835} = {C23FDB02-DD26-0922-AE5B-233834B2105D}
		{D780309F-8DC4-40CA-822D-C5589989291F} = {C23FDB02-DD26-0922-AE5B-233834B2105D}
		{81E64164-B15A-4222-A146-71C58A4CA7EE} = {C23FDB02-DD26-0922-AE5B-233834B2105D}
		{1C241FD5-2BAD-4B36-BB04-9BFFE612AE86} = {3CB6E6AB-5208-41A0-9C7C-1EA57DC7B2FD}
		{142354A9-4B91-47D6-835A-5733EB601148} = {3CB6E6AB-5208-41A0-9C7C-1EA57DC7B2FD}
		{BF9CDC3E-7179-4DD5-94E1-F2AF30A0E81B} = {3CB6E6AB-5208-41A0-9C7C-1EA57DC7B2FD}
		{2268C734-4F7E-4694-93AC-98457E91E109} = {3CB6E6AB-5208-41A0-9C7C-1EA57DC7B2FD}
		{760EE49A-74D3-276F-FB8E-2CE3A7DA23FA} = {5621412C-6E15-4A46-B8FB-FC23D2688027}
		{02A0F289-3DFD-4127-9D8F-B6E076802CC3} = {760EE49A-74D3-276F-FB8E-2CE3A7DA23FA}
		{07ECF29A-18AB-4116-B1F8-618617E23D8A} = {760EE49A-74D3-276F-FB8E-2CE3A7DA23FA}
		{AC82C542-8F46-49B1-AA9F-5825BA040681} = {760EE49A-74D3-276F-FB8E-2CE3A7DA23FA}
		{6FA1B4DE-8668-41EB-A032-189686D0F0CD} = {760EE49A-74D3-276F-FB8E-2CE3A7DA23FA}
	EndGlobalSection
	GlobalSection(ExtensibilityGlobals) = postSolution
		SolutionGuid = {962E3B1D-9752-4A84-B5A1-42871BCB0B19}
	EndGlobalSection
EndGlobal
