
Microsoft Visual Studio Solution File, Format Version 12.00
# Visual Studio Version 17
VisualStudioVersion = 17.7.34018.315
MinimumVisualStudioVersion = 10.0.40219.1
Project("{9A19103F-16F7-4668-BE54-9A1E7A4F7556}") = "EvangelionERPV2.Application", "EvangelionERPV2.Application\EvangelionERPV2.Application.csproj", "{3F134E1C-AA2D-4885-A544-69D14B8131FB}"
EndProject
Project("{9A19103F-16F7-4668-BE54-9A1E7A4F7556}") = "EvangelionERPV2.Domain", "EvangelionERPV2.Domain\EvangelionERPV2.Domain.csproj", "{8E01627A-355C-4395-9063-711440B975E0}"
EndProject
Project("{9A19103F-16F7-4668-BE54-9A1E7A4F7556}") = "EvangelionERPV2.Infra", "EvangelionERPV2.Infra\EvangelionERPV2.Infra.csproj", "{CBFF002C-A8A3-4814-93F8-7370B02DB9A9}"
EndProject
Project("{9A19103F-16F7-4668-BE54-9A1E7A4F7556}") = "EvangelionERPV2.Test", "EvangelionERPV2.Test\EvangelionERPV2.Test.csproj", "{91CB70DE-8DAC-4E35-B83C-AE6B7DBB071B}"
EndProject
Project("{9A19103F-16F7-4668-BE54-9A1E7A4F7556}") = "EvangelionERPV2.Web", "EvangelionERPV2.Web\EvangelionERPV2.Web.csproj", "{727D7D4F-9D9E-450B-9AAD-6F7A1148892B}"
	ProjectSection(ProjectDependencies) = postProject
		{8E01627A-355C-4395-9063-711440B975E0} = {8E01627A-355C-4395-9063-711440B975E0}
		{CBFF002C-A8A3-4814-93F8-7370B02DB9A9} = {CBFF002C-A8A3-4814-93F8-7370B02DB9A9}
	EndProjectSection
EndProject
Global
	GlobalSection(SolutionConfigurationPlatforms) = preSolution
		Debug|Any CPU = Debug|Any CPU
		Release|Any CPU = Release|Any CPU
	EndGlobalSection
	GlobalSection(ProjectConfigurationPlatforms) = postSolution
		{3F134E1C-AA2D-4885-A544-69D14B8131FB}.Debug|Any CPU.ActiveCfg = Debug|Any CPU
		{3F134E1C-AA2D-4885-A544-69D14B8131FB}.Debug|Any CPU.Build.0 = Debug|Any CPU
		{3F134E1C-AA2D-4885-A544-69D14B8131FB}.Release|Any CPU.ActiveCfg = Release|Any CPU
		{3F134E1C-AA2D-4885-A544-69D14B8131FB}.Release|Any CPU.Build.0 = Release|Any CPU
		{8E01627A-355C-4395-9063-711440B975E0}.Debug|Any CPU.ActiveCfg = Debug|Any CPU
		{8E01627A-355C-4395-9063-711440B975E0}.Debug|Any CPU.Build.0 = Debug|Any CPU
		{8E01627A-355C-4395-9063-711440B975E0}.Release|Any CPU.ActiveCfg = Release|Any CPU
		{8E01627A-355C-4395-9063-711440B975E0}.Release|Any CPU.Build.0 = Release|Any CPU
		{CBFF002C-A8A3-4814-93F8-7370B02DB9A9}.Debug|Any CPU.ActiveCfg = Debug|Any CPU
		{CBFF002C-A8A3-4814-93F8-7370B02DB9A9}.Debug|Any CPU.Build.0 = Debug|Any CPU
		{CBFF002C-A8A3-4814-93F8-7370B02DB9A9}.Release|Any CPU.ActiveCfg = Release|Any CPU
		{CBFF002C-A8A3-4814-93F8-7370B02DB9A9}.Release|Any CPU.Build.0 = Release|Any CPU
		{91CB70DE-8DAC-4E35-B83C-AE6B7DBB071B}.Debug|Any CPU.ActiveCfg = Debug|Any CPU
		{91CB70DE-8DAC-4E35-B83C-AE6B7DBB071B}.Debug|Any CPU.Build.0 = Debug|Any CPU
		{91CB70DE-8DAC-4E35-B83C-AE6B7DBB071B}.Release|Any CPU.ActiveCfg = Release|Any CPU
		{91CB70DE-8DAC-4E35-B83C-AE6B7DBB071B}.Release|Any CPU.Build.0 = Release|Any CPU
		{727D7D4F-9D9E-450B-9AAD-6F7A1148892B}.Debug|Any CPU.ActiveCfg = Debug|Any CPU
		{727D7D4F-9D9E-450B-9AAD-6F7A1148892B}.Debug|Any CPU.Build.0 = Debug|Any CPU
		{727D7D4F-9D9E-450B-9AAD-6F7A1148892B}.Release|Any CPU.ActiveCfg = Release|Any CPU
		{727D7D4F-9D9E-450B-9AAD-6F7A1148892B}.Release|Any CPU.Build.0 = Release|Any CPU
	EndGlobalSection
	GlobalSection(SolutionProperties) = preSolution
		HideSolutionNode = FALSE
	EndGlobalSection
	GlobalSection(ExtensibilityGlobals) = postSolution
		SolutionGuid = {962E3B1D-9752-4A84-B5A1-42871BCB0B19}
	EndGlobalSection
EndGlobal
